// !$*UTF8*$!
{
	archiveVersion = 1;
	classes = {
	};
	objectVersion = 46;
	objects = {

/* Begin PBXAggregateTarget section */
		71F630AA92543743EAE19265 /* ChaorusFlangos - All */ = {
			isa = PBXAggregateTarget;
			buildConfigurationList = F57C5860827152CAC01B50F8;
			buildPhases = (
			);
			dependencies = (
				D2B256B9FBECD7241FAE31D2,
				1286B99647035C34A2C41ACF,
				2569F6663651CC457FEAE6ED,
				18F139F9D91D8E9D4B01EA55,
				FFBD387641B1D82803DEA9A7,
			);
			name = "ChaorusFlangos - All";
			productName = ChaorusFlangos;
		};
/* End PBXAggregateTarget section */

/* Begin PBXBuildFile section */
		00251C8C957BC046A6DE8CBD /* IOKit.framework */ = {isa = PBXBuildFile; fileRef = 3CBE86BB769A8F4045DC9C75; };
		06B6C35E2A90D239FC9F8B68 /* Security.framework */ = {isa = PBXBuildFile; fileRef = 213C38F761CAE5DD1CCA55F5; };
		0CCFB6D12441C74EE9B5C4E1 /* include_juce_audio_plugin_client_ARA.cpp */ = {isa = PBXBuildFile; fileRef = 84BB32BB70AB569A47C5F7CB; };
		16305D6DF355FCFA2D519635 /* include_juce_audio_plugin_client_AU_2.mm */ = {isa = PBXBuildFile; fileRef = 7250DFE2D203D1B6EDBC047F; };
		1E82C0F05D40E2B39FFACB53 /* Metal.framework */ = {isa = PBXBuildFile; fileRef = 6482F555BCEFB2712F4796D9; settings = { ATTRIBUTES = (Weak, ); }; };
		2523A2652D2AF95766D2A611 /* AudioToolbox.framework */ = {isa = PBXBuildFile; fileRef = 15310B007F9A2397A1C6241F; };
		26178763C2145D82A849C848 /* MetalKit.framework */ = {isa = PBXBuildFile; fileRef = 13C17CE1289ACEB69D368D35; settings = { ATTRIBUTES = (Weak, ); }; };
		2B2C1F69AE9B0AB226B8C33A /* include_juce_audio_plugin_client_AU_1.mm */ = {isa = PBXBuildFile; fileRef = B5BA00830C48BDD021A57E35; };
		2D09A2187B0F95CC5E237C13 /* Standalone Plugin */ = {isa = PBXBuildFile; fileRef = F6A90C2192D6F2B4C4E5B74A; };
		30A5643AAFE8D55CFD71D721 /* VST3 Manifest Helper */ = {isa = PBXBuildFile; fileRef = D7E73A392052ADE24C575430; };
		33C19C664D2DBF99D8855F2C /* AudioUnit.framework */ = {isa = PBXBuildFile; fileRef = BA77F3704D7FE707AEDB66B4; };
		38520B24CD628D1871E97CDA /* CoreAudio.framework */ = {isa = PBXBuildFile; fileRef = EA5401E7DFD099159C05CD9E; };
		43440DB8372127532E5D9A9E /* PluginEditor.cpp */ = {isa = PBXBuildFile; fileRef = 403328EA759A55AE74F61664; };
		44D85FAD2F95FBE1F1706371 /* include_juce_audio_formats.mm */ = {isa = PBXBuildFile; fileRef = CEF15C381976BF968880BCFC; };
		45C76492135AF697A541E376 /* VST3 */ = {isa = PBXBuildFile; fileRef = 2B0FBB20C901C794B1F8861F; };
		486044B1A1E16802CEC57B2F /* include_juce_audio_basics.mm */ = {isa = PBXBuildFile; fileRef = F8D768243D058BDC369E0920; };
		4C68AA92CDF7241136680CE0 /* include_juce_events.mm */ = {isa = PBXBuildFile; fileRef = 64AADD0875273BB40623F532; };
		5705AB76D8EE272A54A8BD86 /* include_juce_audio_plugin_client_VST3.mm */ = {isa = PBXBuildFile; fileRef = 4CF0320D91B76954B97E6566; };
		5E158A9BCA1E19973E874222 /* PluginProcessor.cpp */ = {isa = PBXBuildFile; fileRef = F0D66F8127083704A7CBB269; };
		7CE1256DCAE2524E07F9DCD5 /* include_juce_audio_utils.mm */ = {isa = PBXBuildFile; fileRef = 00DCA4AD0A50ACFC55D03576; };
		89768B7FA088FCD6B55125CB /* CoreAudioKit.framework */ = {isa = PBXBuildFile; fileRef = 5F68AFF474470937A86DAFF2; };
		8EE29D6705F133B3CE12DD1D /* WebKit.framework */ = {isa = PBXBuildFile; fileRef = 36142AE4ED8504B25FF392CB; };
		8EED48DB8BD62B5B385DDFCF /* include_juce_core.mm */ = {isa = PBXBuildFile; fileRef = A573C70EF2C5FE20898AFF3C; };
		99FE23235F0EEBD17507FDA9 /* juce_VST3ManifestHelper.mm */ = {isa = PBXBuildFile; fileRef = A6CAF036D8A9D81657795815; settings = { COMPILER_FLAGS = "-std=c++17 -fobjc-arc -w -DJUCE_SKIP_PRECOMPILED_HEADER"; }; };
		9AA4464BE14275C1050AE2CE /* include_juce_gui_extra.mm */ = {isa = PBXBuildFile; fileRef = 1399427FC21E34716A82D05A; };
		9E260A640388AFCC2789C1AE /* RecentFilesMenuTemplate.nib */ = {isa = PBXBuildFile; fileRef = 6F16D8E46DBC910E7BC89290; };
		ADB85449B0890BCC7F4F624F /* DiscRecording.framework */ = {isa = PBXBuildFile; fileRef = CB4249C70C38AF4FA59D7258; };
		AF44A1C49114B3E2F2086E9B /* include_juce_audio_processors_ara.cpp */ = {isa = PBXBuildFile; fileRef = 0BE580B15C02938FC2288FB7; };
		AFE1933F1D60351141651098 /* include_juce_audio_plugin_client_Standalone.cpp */ = {isa = PBXBuildFile; fileRef = 06E743C1C8984239505588E2; };
		BE1979F5FA0C8E72A1769945 /* Accelerate.framework */ = {isa = PBXBuildFile; fileRef = DD2FF159F468B797AB858A89; };
		C2FC32B46043E0BF5F3F9427 /* include_juce_gui_basics.mm */ = {isa = PBXBuildFile; fileRef = 29A80B2A2FA1EB409F6397F1; };
		C6DD8D5F8B8933FC15AAF78C /* CoreMIDI.framework */ = {isa = PBXBuildFile; fileRef = 604D88311081D46F43E9385F; };
		CA543F6835835796E9A0E043 /* AU */ = {isa = PBXBuildFile; fileRef = BFA59664FA40545ED8B0D964; };
		D5D2CBAB48A0AD3E5CC44E17 /* Shared Code */ = {isa = PBXBuildFile; fileRef = E508DE6E92F643647068723A; };
		D822859D09A3A8A1285A3E15 /* Cocoa.framework */ = {isa = PBXBuildFile; fileRef = 05E614023E38582C384D7BCA; };
		E63E6706ADAB83D2CBA87CA9 /* QuartzCore.framework */ = {isa = PBXBuildFile; fileRef = 5764D9EA3535961996D4E1D4; };
		EB119EDE2A5344BD48992931 /* include_juce_audio_processors.mm */ = {isa = PBXBuildFile; fileRef = 183D387AB921AB493CFA01BC; };
		EE1A3C5C747DFB821F60F2FB /* Foundation.framework */ = {isa = PBXBuildFile; fileRef = 6B845C0B3A2A7B057A26ADA0; };
		F0B724039C60868419E5F130 /* include_juce_data_structures.mm */ = {isa = PBXBuildFile; fileRef = 22C12086AF6CF63CF1D55644; };
		F3D8DCB843DDF780ECD8B390 /* include_juce_audio_processors_lv2_libs.cpp */ = {isa = PBXBuildFile; fileRef = 30692432C5F18308EB858F03; };
		F8B6CC5C1F446CF4232EFC2C /* include_juce_audio_devices.mm */ = {isa = PBXBuildFile; fileRef = 004779A8176309CFCC0F9EEB; };
		FB884F134D22E8D908384FCA /* include_juce_graphics.mm */ = {isa = PBXBuildFile; fileRef = 07F12A4BC0A375BD618843D6; };
/* End PBXBuildFile section */

/* Begin PBXFileReference section */
		004779A8176309CFCC0F9EEB /* include_juce_audio_devices.mm */ /* include_juce_audio_devices.mm */ = {isa = PBXFileReference; lastKnownFileType = sourcecode.cpp.objcpp; name = include_juce_audio_devices.mm; path = ../../JuceLibraryCode/include_juce_audio_devices.mm; sourceTree = SOURCE_ROOT; };
		00DCA4AD0A50ACFC55D03576 /* include_juce_audio_utils.mm */ /* include_juce_audio_utils.mm */ = {isa = PBXFileReference; lastKnownFileType = sourcecode.cpp.objcpp; name = include_juce_audio_utils.mm; path = ../../JuceLibraryCode/include_juce_audio_utils.mm; sourceTree = SOURCE_ROOT; };
		05E614023E38582C384D7BCA /* Cocoa.framework */ /* Cocoa.framework */ = {isa = PBXFileReference; lastKnownFileType = wrapper.framework; name = Cocoa.framework; path = System/Library/Frameworks/Cocoa.framework; sourceTree = SDKROOT; };
		06E743C1C8984239505588E2 /* include_juce_audio_plugin_client_Standalone.cpp */ /* include_juce_audio_plugin_client_Standalone.cpp */ = {isa = PBXFileReference; lastKnownFileType = sourcecode.cpp.cpp; name = include_juce_audio_plugin_client_Standalone.cpp; path = ../../JuceLibraryCode/include_juce_audio_plugin_client_Standalone.cpp; sourceTree = SOURCE_ROOT; };
		07F12A4BC0A375BD618843D6 /* include_juce_graphics.mm */ /* include_juce_graphics.mm */ = {isa = PBXFileReference; lastKnownFileType = sourcecode.cpp.objcpp; name = include_juce_graphics.mm; path = ../../JuceLibraryCode/include_juce_graphics.mm; sourceTree = SOURCE_ROOT; };
		0BE580B15C02938FC2288FB7 /* include_juce_audio_processors_ara.cpp */ /* include_juce_audio_processors_ara.cpp */ = {isa = PBXFileReference; lastKnownFileType = sourcecode.cpp.cpp; name = include_juce_audio_processors_ara.cpp; path = ../../JuceLibraryCode/include_juce_audio_processors_ara.cpp; sourceTree = SOURCE_ROOT; };
		0C62CF2D72765CD925C235EE /* juce_audio_processors */ /* juce_audio_processors */ = {isa = PBXFileReference; lastKnownFileType = folder; name = juce_audio_processors; path = /Users/catarinaserrano/Downloads/JUCE/modules/juce_audio_processors; sourceTree = "<absolute>"; };
		0EE6CE34DB47D0BBE8A612E2 /* JucePluginDefines.h */ /* JucePluginDefines.h */ = {isa = PBXFileReference; lastKnownFileType = sourcecode.c.h; name = JucePluginDefines.h; path = ../../JuceLibraryCode/JucePluginDefines.h; sourceTree = SOURCE_ROOT; };
		1399427FC21E34716A82D05A /* include_juce_gui_extra.mm */ /* include_juce_gui_extra.mm */ = {isa = PBXFileReference; lastKnownFileType = sourcecode.cpp.objcpp; name = include_juce_gui_extra.mm; path = ../../JuceLibraryCode/include_juce_gui_extra.mm; sourceTree = SOURCE_ROOT; };
		13C17CE1289ACEB69D368D35 /* MetalKit.framework */ /* MetalKit.framework */ = {isa = PBXFileReference; lastKnownFileType = wrapper.framework; name = MetalKit.framework; path = System/Library/Frameworks/MetalKit.framework; sourceTree = SDKROOT; };
		15310B007F9A2397A1C6241F /* AudioToolbox.framework */ /* AudioToolbox.framework */ = {isa = PBXFileReference; lastKnownFileType = wrapper.framework; name = AudioToolbox.framework; path = System/Library/Frameworks/AudioToolbox.framework; sourceTree = SDKROOT; };
		183D387AB921AB493CFA01BC /* include_juce_audio_processors.mm */ /* include_juce_audio_processors.mm */ = {isa = PBXFileReference; lastKnownFileType = sourcecode.cpp.objcpp; name = include_juce_audio_processors.mm; path = ../../JuceLibraryCode/include_juce_audio_processors.mm; sourceTree = SOURCE_ROOT; };
		1E936D32AD3CF316022914AE /* juce_audio_devices */ /* juce_audio_devices */ = {isa = PBXFileReference; lastKnownFileType = folder; name = juce_audio_devices; path = /Users/catarinaserrano/Downloads/JUCE/modules/juce_audio_devices; sourceTree = "<absolute>"; };
		213C38F761CAE5DD1CCA55F5 /* Security.framework */ /* Security.framework */ = {isa = PBXFileReference; lastKnownFileType = wrapper.framework; name = Security.framework; path = System/Library/Frameworks/Security.framework; sourceTree = SDKROOT; };
		22C12086AF6CF63CF1D55644 /* include_juce_data_structures.mm */ /* include_juce_data_structures.mm */ = {isa = PBXFileReference; lastKnownFileType = sourcecode.cpp.objcpp; name = include_juce_data_structures.mm; path = ../../JuceLibraryCode/include_juce_data_structures.mm; sourceTree = SOURCE_ROOT; };
		232504773934567A481C5373 /* Info-VST3.plist */ /* Info-VST3.plist */ = {isa = PBXFileReference; lastKnownFileType = text.plist.xml; name = "Info-VST3.plist"; path = "Info-VST3.plist"; sourceTree = SOURCE_ROOT; };
		29A80B2A2FA1EB409F6397F1 /* include_juce_gui_basics.mm */ /* include_juce_gui_basics.mm */ = {isa = PBXFileReference; lastKnownFileType = sourcecode.cpp.objcpp; name = include_juce_gui_basics.mm; path = ../../JuceLibraryCode/include_juce_gui_basics.mm; sourceTree = SOURCE_ROOT; };
		2B0FBB20C901C794B1F8861F /* VST3 */ = {isa = PBXFileReference; explicitFileType = wrapper.cfbundle; includeInIndex = 0; path = NewProject.vst3; sourceTree = BUILT_PRODUCTS_DIR; };
		30692432C5F18308EB858F03 /* include_juce_audio_processors_lv2_libs.cpp */ /* include_juce_audio_processors_lv2_libs.cpp */ = {isa = PBXFileReference; lastKnownFileType = sourcecode.cpp.cpp; name = include_juce_audio_processors_lv2_libs.cpp; path = ../../JuceLibraryCode/include_juce_audio_processors_lv2_libs.cpp; sourceTree = SOURCE_ROOT; };
		33C38A986FE1D58C76BAAC11 /* juce_audio_utils */ /* juce_audio_utils */ = {isa = PBXFileReference; lastKnownFileType = folder; name = juce_audio_utils; path = /Users/catarinaserrano/Downloads/JUCE/modules/juce_audio_utils; sourceTree = "<absolute>"; };
		36142AE4ED8504B25FF392CB /* WebKit.framework */ /* WebKit.framework */ = {isa = PBXFileReference; lastKnownFileType = wrapper.framework; name = WebKit.framework; path = System/Library/Frameworks/WebKit.framework; sourceTree = SDKROOT; };
		3CBE86BB769A8F4045DC9C75 /* IOKit.framework */ /* IOKit.framework */ = {isa = PBXFileReference; lastKnownFileType = wrapper.framework; name = IOKit.framework; path = System/Library/Frameworks/IOKit.framework; sourceTree = SDKROOT; };
		403328EA759A55AE74F61664 /* PluginEditor.cpp */ /* PluginEditor.cpp */ = {isa = PBXFileReference; lastKnownFileType = sourcecode.cpp.cpp; name = PluginEditor.cpp; path = ../../Source/PluginEditor.cpp; sourceTree = SOURCE_ROOT; };
		45216D283777FA3327F2CA7A /* juce_data_structures */ /* juce_data_structures */ = {isa = PBXFileReference; lastKnownFileType = folder; name = juce_data_structures; path = /Users/catarinaserrano/Downloads/JUCE/modules/juce_data_structures; sourceTree = "<absolute>"; };
		4CF0320D91B76954B97E6566 /* include_juce_audio_plugin_client_VST3.mm */ /* include_juce_audio_plugin_client_VST3.mm */ = {isa = PBXFileReference; lastKnownFileType = sourcecode.cpp.objcpp; name = include_juce_audio_plugin_client_VST3.mm; path = ../../JuceLibraryCode/include_juce_audio_plugin_client_VST3.mm; sourceTree = SOURCE_ROOT; };
		53787C14A00C30A3D463544D /* JuceHeader.h */ /* JuceHeader.h */ = {isa = PBXFileReference; lastKnownFileType = sourcecode.c.h; name = JuceHeader.h; path = ../../JuceLibraryCode/JuceHeader.h; sourceTree = SOURCE_ROOT; };
		5764D9EA3535961996D4E1D4 /* QuartzCore.framework */ /* QuartzCore.framework */ = {isa = PBXFileReference; lastKnownFileType = wrapper.framework; name = QuartzCore.framework; path = System/Library/Frameworks/QuartzCore.framework; sourceTree = SDKROOT; };
		5F68AFF474470937A86DAFF2 /* CoreAudioKit.framework */ /* CoreAudioKit.framework */ = {isa = PBXFileReference; lastKnownFileType = wrapper.framework; name = CoreAudioKit.framework; path = System/Library/Frameworks/CoreAudioKit.framework; sourceTree = SDKROOT; };
		604D88311081D46F43E9385F /* CoreMIDI.framework */ /* CoreMIDI.framework */ = {isa = PBXFileReference; lastKnownFileType = wrapper.framework; name = CoreMIDI.framework; path = System/Library/Frameworks/CoreMIDI.framework; sourceTree = SDKROOT; };
		6482F555BCEFB2712F4796D9 /* Metal.framework */ /* Metal.framework */ = {isa = PBXFileReference; lastKnownFileType = wrapper.framework; name = Metal.framework; path = System/Library/Frameworks/Metal.framework; sourceTree = SDKROOT; };
		64AADD0875273BB40623F532 /* include_juce_events.mm */ /* include_juce_events.mm */ = {isa = PBXFileReference; lastKnownFileType = sourcecode.cpp.objcpp; name = include_juce_events.mm; path = ../../JuceLibraryCode/include_juce_events.mm; sourceTree = SOURCE_ROOT; };
		6B845C0B3A2A7B057A26ADA0 /* Foundation.framework */ /* Foundation.framework */ = {isa = PBXFileReference; lastKnownFileType = wrapper.framework; name = Foundation.framework; path = System/Library/Frameworks/Foundation.framework; sourceTree = SDKROOT; };
		6F16D8E46DBC910E7BC89290 /* RecentFilesMenuTemplate.nib */ /* RecentFilesMenuTemplate.nib */ = {isa = PBXFileReference; lastKnownFileType = file.nib; name = RecentFilesMenuTemplate.nib; path = RecentFilesMenuTemplate.nib; sourceTree = SOURCE_ROOT; };
		70B60DBA48DECC5B0AFEB097 /* juce_audio_basics */ /* juce_audio_basics */ = {isa = PBXFileReference; lastKnownFileType = folder; name = juce_audio_basics; path = /Users/catarinaserrano/Downloads/JUCE/modules/juce_audio_basics; sourceTree = "<absolute>"; };
		70BCE54F9E9ACB8F1B413044 /* Info-VST3_Manifest_Helper.plist */ /* Info-VST3_Manifest_Helper.plist */ = {isa = PBXFileReference; lastKnownFileType = text.plist.xml; name = "Info-VST3_Manifest_Helper.plist"; path = "Info-VST3_Manifest_Helper.plist"; sourceTree = SOURCE_ROOT; };
		7250DFE2D203D1B6EDBC047F /* include_juce_audio_plugin_client_AU_2.mm */ /* include_juce_audio_plugin_client_AU_2.mm */ = {isa = PBXFileReference; lastKnownFileType = sourcecode.cpp.objcpp; name = include_juce_audio_plugin_client_AU_2.mm; path = ../../JuceLibraryCode/include_juce_audio_plugin_client_AU_2.mm; sourceTree = SOURCE_ROOT; };
		8103CE7DBAAAC964A55A7164 /* juce_events */ /* juce_events */ = {isa = PBXFileReference; lastKnownFileType = folder; name = juce_events; path = /Users/catarinaserrano/Downloads/JUCE/modules/juce_events; sourceTree = "<absolute>"; };
		8156F8D7DFD52C742F872978 /* juce_audio_formats */ /* juce_audio_formats */ = {isa = PBXFileReference; lastKnownFileType = folder; name = juce_audio_formats; path = /Users/catarinaserrano/Downloads/JUCE/modules/juce_audio_formats; sourceTree = "<absolute>"; };
		84BB32BB70AB569A47C5F7CB /* include_juce_audio_plugin_client_ARA.cpp */ /* include_juce_audio_plugin_client_ARA.cpp */ = {isa = PBXFileReference; lastKnownFileType = sourcecode.cpp.cpp; name = include_juce_audio_plugin_client_ARA.cpp; path = ../../JuceLibraryCode/include_juce_audio_plugin_client_ARA.cpp; sourceTree = SOURCE_ROOT; };
		8C8D81D5BF04EACD6A41EC01 /* juce_core */ /* juce_core */ = {isa = PBXFileReference; lastKnownFileType = folder; name = juce_core; path = /Users/catarinaserrano/Downloads/JUCE/modules/juce_core; sourceTree = "<absolute>"; };
		8EC91AFB94BE9E1BC5731A5B /* juce_graphics */ /* juce_graphics */ = {isa = PBXFileReference; lastKnownFileType = folder; name = juce_graphics; path = /Users/catarinaserrano/Downloads/JUCE/modules/juce_graphics; sourceTree = "<absolute>"; };
		A573C70EF2C5FE20898AFF3C /* include_juce_core.mm */ /* include_juce_core.mm */ = {isa = PBXFileReference; lastKnownFileType = sourcecode.cpp.objcpp; name = include_juce_core.mm; path = ../../JuceLibraryCode/include_juce_core.mm; sourceTree = SOURCE_ROOT; };
		A6CAF036D8A9D81657795815 /* juce_VST3ManifestHelper.mm */ /* juce_VST3ManifestHelper.mm */ = {isa = PBXFileReference; lastKnownFileType = sourcecode.cpp.objcpp; name = juce_VST3ManifestHelper.mm; path = /Users/catarinaserrano/Downloads/JUCE/modules/juce_audio_plugin_client/VST3/juce_VST3ManifestHelper.mm; sourceTree = "<absolute>"; };
		B5BA00830C48BDD021A57E35 /* include_juce_audio_plugin_client_AU_1.mm */ /* include_juce_audio_plugin_client_AU_1.mm */ = {isa = PBXFileReference; lastKnownFileType = sourcecode.cpp.objcpp; name = include_juce_audio_plugin_client_AU_1.mm; path = ../../JuceLibraryCode/include_juce_audio_plugin_client_AU_1.mm; sourceTree = SOURCE_ROOT; };
		BA77F3704D7FE707AEDB66B4 /* AudioUnit.framework */ /* AudioUnit.framework */ = {isa = PBXFileReference; lastKnownFileType = wrapper.framework; name = AudioUnit.framework; path = System/Library/Frameworks/AudioUnit.framework; sourceTree = SDKROOT; };
		BFA59664FA40545ED8B0D964 /* AU */ = {isa = PBXFileReference; explicitFileType = wrapper.cfbundle; includeInIndex = 0; path = NewProject.component; sourceTree = BUILT_PRODUCTS_DIR; };
		C0E5763D7F8AB72287700BCA /* PluginProcessor.h */ /* PluginProcessor.h */ = {isa = PBXFileReference; lastKnownFileType = sourcecode.c.h; name = PluginProcessor.h; path = ../../Source/PluginProcessor.h; sourceTree = SOURCE_ROOT; };
		C6887A25E562BABC61C17543 /* juce_gui_basics */ /* juce_gui_basics */ = {isa = PBXFileReference; lastKnownFileType = folder; name = juce_gui_basics; path = /Users/catarinaserrano/Downloads/JUCE/modules/juce_gui_basics; sourceTree = "<absolute>"; };
		CB4249C70C38AF4FA59D7258 /* DiscRecording.framework */ /* DiscRecording.framework */ = {isa = PBXFileReference; lastKnownFileType = wrapper.framework; name = DiscRecording.framework; path = System/Library/Frameworks/DiscRecording.framework; sourceTree = SDKROOT; };
		CE2EC312EB9F86CE7732DA2A /* juce_audio_plugin_client */ /* juce_audio_plugin_client */ = {isa = PBXFileReference; lastKnownFileType = folder; name = juce_audio_plugin_client; path = /Users/catarinaserrano/Downloads/JUCE/modules/juce_audio_plugin_client; sourceTree = "<absolute>"; };
		CEF15C381976BF968880BCFC /* include_juce_audio_formats.mm */ /* include_juce_audio_formats.mm */ = {isa = PBXFileReference; lastKnownFileType = sourcecode.cpp.objcpp; name = include_juce_audio_formats.mm; path = ../../JuceLibraryCode/include_juce_audio_formats.mm; sourceTree = SOURCE_ROOT; };
		D7E73A392052ADE24C575430 /* VST3 Manifest Helper */ = {isa = PBXFileReference; explicitFileType = "compiled.mach-o.executable"; includeInIndex = 0; path = juce_vst3_helper; sourceTree = BUILT_PRODUCTS_DIR; };
		D99F452E765EA22AF9ED881D /* Info-Standalone_Plugin.plist */ /* Info-Standalone_Plugin.plist */ = {isa = PBXFileReference; lastKnownFileType = text.plist.xml; name = "Info-Standalone_Plugin.plist"; path = "Info-Standalone_Plugin.plist"; sourceTree = SOURCE_ROOT; };
		DD2FF159F468B797AB858A89 /* Accelerate.framework */ /* Accelerate.framework */ = {isa = PBXFileReference; lastKnownFileType = wrapper.framework; name = Accelerate.framework; path = System/Library/Frameworks/Accelerate.framework; sourceTree = SDKROOT; };
		DE5D2611BB95F0CD18B2FA34 /* Info-AU.plist */ /* Info-AU.plist */ = {isa = PBXFileReference; lastKnownFileType = text.plist.xml; name = "Info-AU.plist"; path = "Info-AU.plist"; sourceTree = SOURCE_ROOT; };
		DF3264A7E802F1907414CC13 /* juce_gui_extra */ /* juce_gui_extra */ = {isa = PBXFileReference; lastKnownFileType = folder; name = juce_gui_extra; path = /Users/catarinaserrano/Downloads/JUCE/modules/juce_gui_extra; sourceTree = "<absolute>"; };
		E508DE6E92F643647068723A /* Shared Code */ = {isa = PBXFileReference; explicitFileType = archive.ar; includeInIndex = 0; path = libNewProject.a; sourceTree = BUILT_PRODUCTS_DIR; };
		EA5401E7DFD099159C05CD9E /* CoreAudio.framework */ /* CoreAudio.framework */ = {isa = PBXFileReference; lastKnownFileType = wrapper.framework; name = CoreAudio.framework; path = System/Library/Frameworks/CoreAudio.framework; sourceTree = SDKROOT; };
		F0D66F8127083704A7CBB269 /* PluginProcessor.cpp */ /* PluginProcessor.cpp */ = {isa = PBXFileReference; lastKnownFileType = sourcecode.cpp.cpp; name = PluginProcessor.cpp; path = ../../Source/PluginProcessor.cpp; sourceTree = SOURCE_ROOT; };
		F22EECBF75CBC2C71B109910 /* PluginEditor.h */ /* PluginEditor.h */ = {isa = PBXFileReference; lastKnownFileType = sourcecode.c.h; name = PluginEditor.h; path = ../../Source/PluginEditor.h; sourceTree = SOURCE_ROOT; };
		F6A90C2192D6F2B4C4E5B74A /* Standalone Plugin */ = {isa = PBXFileReference; explicitFileType = wrapper.application; includeInIndex = 0; path = NewProject.app; sourceTree = BUILT_PRODUCTS_DIR; };
		F8D768243D058BDC369E0920 /* include_juce_audio_basics.mm */ /* include_juce_audio_basics.mm */ = {isa = PBXFileReference; lastKnownFileType = sourcecode.cpp.objcpp; name = include_juce_audio_basics.mm; path = ../../JuceLibraryCode/include_juce_audio_basics.mm; sourceTree = SOURCE_ROOT; };
/* End PBXFileReference section */

/* Begin PBXFrameworksBuildPhase section */
		08FD90746DDC8F63C71EC01F = {
			isa = PBXFrameworksBuildPhase;
			buildActionMask = 2147483647;
			files = (
				BE1979F5FA0C8E72A1769945,
				2523A2652D2AF95766D2A611,
				D822859D09A3A8A1285A3E15,
				38520B24CD628D1871E97CDA,
				89768B7FA088FCD6B55125CB,
				C6DD8D5F8B8933FC15AAF78C,
				ADB85449B0890BCC7F4F624F,
				EE1A3C5C747DFB821F60F2FB,
				00251C8C957BC046A6DE8CBD,
				E63E6706ADAB83D2CBA87CA9,
				06B6C35E2A90D239FC9F8B68,
				8EE29D6705F133B3CE12DD1D,
				1E82C0F05D40E2B39FFACB53,
				26178763C2145D82A849C848,
			);
			runOnlyForDeploymentPostprocessing = 0;
		};
		12139CE80B01F4D62708216B = {
			isa = PBXFrameworksBuildPhase;
			buildActionMask = 2147483647;
			files = (
				BE1979F5FA0C8E72A1769945,
				2523A2652D2AF95766D2A611,
				D822859D09A3A8A1285A3E15,
				38520B24CD628D1871E97CDA,
				89768B7FA088FCD6B55125CB,
				C6DD8D5F8B8933FC15AAF78C,
				ADB85449B0890BCC7F4F624F,
				EE1A3C5C747DFB821F60F2FB,
				00251C8C957BC046A6DE8CBD,
				E63E6706ADAB83D2CBA87CA9,
				06B6C35E2A90D239FC9F8B68,
				8EE29D6705F133B3CE12DD1D,
				1E82C0F05D40E2B39FFACB53,
				26178763C2145D82A849C848,
			);
			runOnlyForDeploymentPostprocessing = 0;
		};
		BA528E348A9FB0C551E144A5 = {
			isa = PBXFrameworksBuildPhase;
			buildActionMask = 2147483647;
			files = (
				BE1979F5FA0C8E72A1769945,
				2523A2652D2AF95766D2A611,
				D822859D09A3A8A1285A3E15,
				38520B24CD628D1871E97CDA,
				89768B7FA088FCD6B55125CB,
				C6DD8D5F8B8933FC15AAF78C,
				ADB85449B0890BCC7F4F624F,
				EE1A3C5C747DFB821F60F2FB,
				00251C8C957BC046A6DE8CBD,
				E63E6706ADAB83D2CBA87CA9,
				06B6C35E2A90D239FC9F8B68,
				8EE29D6705F133B3CE12DD1D,
				1E82C0F05D40E2B39FFACB53,
				26178763C2145D82A849C848,
			);
			runOnlyForDeploymentPostprocessing = 0;
		};
		F0D5E9DF3B7EC165F617F53F = {
			isa = PBXFrameworksBuildPhase;
			buildActionMask = 2147483647;
			files = (
				33C19C664D2DBF99D8855F2C,
				BE1979F5FA0C8E72A1769945,
				2523A2652D2AF95766D2A611,
				D822859D09A3A8A1285A3E15,
				38520B24CD628D1871E97CDA,
				89768B7FA088FCD6B55125CB,
				C6DD8D5F8B8933FC15AAF78C,
				ADB85449B0890BCC7F4F624F,
				EE1A3C5C747DFB821F60F2FB,
				00251C8C957BC046A6DE8CBD,
				E63E6706ADAB83D2CBA87CA9,
				06B6C35E2A90D239FC9F8B68,
				8EE29D6705F133B3CE12DD1D,
				1E82C0F05D40E2B39FFACB53,
				26178763C2145D82A849C848,
			);
			runOnlyForDeploymentPostprocessing = 0;
		};
/* End PBXFrameworksBuildPhase section */

/* Begin PBXGroup section */
		0F875F3932AF69C97E78FEEB /* JUCE Modules */ = {
			isa = PBXGroup;
			children = (
				70B60DBA48DECC5B0AFEB097,
				1E936D32AD3CF316022914AE,
				8156F8D7DFD52C742F872978,
				CE2EC312EB9F86CE7732DA2A,
				0C62CF2D72765CD925C235EE,
				33C38A986FE1D58C76BAAC11,
				8C8D81D5BF04EACD6A41EC01,
				45216D283777FA3327F2CA7A,
				8103CE7DBAAAC964A55A7164,
				8EC91AFB94BE9E1BC5731A5B,
				C6887A25E562BABC61C17543,
				DF3264A7E802F1907414CC13,
			);
			name = "JUCE Modules";
			sourceTree = "<group>";
		};
		14432C31DDB895AF85458D88 /* ChaorusFlangos */ = {
			isa = PBXGroup;
			children = (
				67981BB1321C112C42DFA387,
			);
			name = ChaorusFlangos;
			sourceTree = "<group>";
		};
		16B61C5B00262472113E199E /* Frameworks */ = {
			isa = PBXGroup;
			children = (
				BA77F3704D7FE707AEDB66B4,
				DD2FF159F468B797AB858A89,
				15310B007F9A2397A1C6241F,
				05E614023E38582C384D7BCA,
				EA5401E7DFD099159C05CD9E,
				5F68AFF474470937A86DAFF2,
				604D88311081D46F43E9385F,
				CB4249C70C38AF4FA59D7258,
				6B845C0B3A2A7B057A26ADA0,
				3CBE86BB769A8F4045DC9C75,
				5764D9EA3535961996D4E1D4,
				213C38F761CAE5DD1CCA55F5,
				36142AE4ED8504B25FF392CB,
				6482F555BCEFB2712F4796D9,
				13C17CE1289ACEB69D368D35,
			);
			name = Frameworks;
			sourceTree = "<group>";
		};
		3FCDB2E9A973B850E6A93146 /* JUCE Library Code */ = {
			isa = PBXGroup;
			children = (
				F8D768243D058BDC369E0920,
				004779A8176309CFCC0F9EEB,
				CEF15C381976BF968880BCFC,
				84BB32BB70AB569A47C5F7CB,
				B5BA00830C48BDD021A57E35,
				7250DFE2D203D1B6EDBC047F,
				06E743C1C8984239505588E2,
				4CF0320D91B76954B97E6566,
				183D387AB921AB493CFA01BC,
				0BE580B15C02938FC2288FB7,
				30692432C5F18308EB858F03,
				00DCA4AD0A50ACFC55D03576,
				A573C70EF2C5FE20898AFF3C,
				22C12086AF6CF63CF1D55644,
				64AADD0875273BB40623F532,
				07F12A4BC0A375BD618843D6,
				29A80B2A2FA1EB409F6397F1,
				1399427FC21E34716A82D05A,
				53787C14A00C30A3D463544D,
				0EE6CE34DB47D0BBE8A612E2,
			);
			name = "JUCE Library Code";
			sourceTree = "<group>";
		};
		66FABF3A0AA28C3DC68DD4FA /* Source */ = {
			isa = PBXGroup;
			children = (
				14432C31DDB895AF85458D88,
				0F875F3932AF69C97E78FEEB,
				3FCDB2E9A973B850E6A93146,
				97B041D1F7AA437F59C5A55C,
				16B61C5B00262472113E199E,
				897AE47486E4292A6AC9FC9B,
			);
			name = Source;
			sourceTree = "<group>";
		};
		67981BB1321C112C42DFA387 /* Source */ = {
			isa = PBXGroup;
			children = (
				F0D66F8127083704A7CBB269,
				C0E5763D7F8AB72287700BCA,
				403328EA759A55AE74F61664,
				F22EECBF75CBC2C71B109910,
			);
			name = Source;
			sourceTree = "<group>";
		};
		897AE47486E4292A6AC9FC9B /* Products */ = {
			isa = PBXGroup;
			children = (
				2B0FBB20C901C794B1F8861F,
				BFA59664FA40545ED8B0D964,
				F6A90C2192D6F2B4C4E5B74A,
				E508DE6E92F643647068723A,
				D7E73A392052ADE24C575430,
			);
			name = Products;
			sourceTree = "<group>";
		};
		97B041D1F7AA437F59C5A55C /* Resources */ = {
			isa = PBXGroup;
			children = (
				232504773934567A481C5373,
				DE5D2611BB95F0CD18B2FA34,
				D99F452E765EA22AF9ED881D,
				70BCE54F9E9ACB8F1B413044,
				6F16D8E46DBC910E7BC89290,
			);
			name = Resources;
			sourceTree = "<group>";
		};
/* End PBXGroup section */

/* Begin PBXNativeTarget section */
		2697A19E8ECC3EAFCE9F7CD3 /* ChaorusFlangos - AU */ = {
			isa = PBXNativeTarget;
			buildConfigurationList = 6D338DE73347D26755FA0404;
			buildPhases = (
				9B7D06AC7AF63710F00C846A,
				D1A5B1E1D8CC1DD041C225A0,
				F0D5E9DF3B7EC165F617F53F,
				42434F0B608FA40452925EB1,
			);
			buildRules = (
			);
			dependencies = (
				59D79093B795664062403E9B,
			);
			name = "ChaorusFlangos - AU";
			productName = ChaorusFlangos;
			productReference = BFA59664FA40545ED8B0D964;
			productType = "com.apple.product-type.bundle";
		};
		40FC542DCCE5285F96262BA4 /* ChaorusFlangos - VST3 Manifest Helper */ = {
			isa = PBXNativeTarget;
			buildConfigurationList = BD08EABC71F0796F2B79C110;
			buildPhases = (
				D4F1C082BC95E3E1524EB90B,
				08FD90746DDC8F63C71EC01F,
			);
			buildRules = (
			);
			dependencies = (
			);
			name = "ChaorusFlangos - VST3 Manifest Helper";
			productName = ChaorusFlangos;
			productReference = D7E73A392052ADE24C575430;
			productType = "com.apple.product-type.tool";
		};
		B387DAE98C29D56D2C6A456A /* ChaorusFlangos - VST3 */ = {
			isa = PBXNativeTarget;
			buildConfigurationList = 88C383A56DAAAC368EC25C45;
			buildPhases = (
				B2E5D68FE01289198A5AA082,
				188C86A51403690F08A7AB21,
				12139CE80B01F4D62708216B,
				8EF42F8E1F629BE2A933AD56,
				ACD5BBC997F8E1FAB0D7FE71,
			);
			buildRules = (
			);
			dependencies = (
				CAD0307E74FD56755DB114C0,
				B713894B2881088BF2DE5998,
			);
			name = "ChaorusFlangos - VST3";
			productName = ChaorusFlangos;
			productReference = 2B0FBB20C901C794B1F8861F;
			productType = "com.apple.product-type.bundle";
		};
		B9807DDEF0A626DF1BB3F178 /* ChaorusFlangos - Standalone Plugin */ = {
			isa = PBXNativeTarget;
			buildConfigurationList = 5B9F5AA635EB56B07C87B627;
			buildPhases = (
				4BB5EA8453E756DA2B471F0F,
				86A7642398461415B1B84FA2,
				BA528E348A9FB0C551E144A5,
			);
			buildRules = (
			);
			dependencies = (
				03A5B7DAE4304AAEE9AA6C0C,
			);
			name = "ChaorusFlangos - Standalone Plugin";
			productName = ChaorusFlangos;
			productReference = F6A90C2192D6F2B4C4E5B74A;
			productType = "com.apple.product-type.application";
		};
		CA605562D76BEAEFA2F7D24A /* ChaorusFlangos - Shared Code */ = {
			isa = PBXNativeTarget;
			buildConfigurationList = E14AABE88E3D60FCBC4CA2B6;
			buildPhases = (
				4C0F05999E395A7FA6878D79,
			);
			buildRules = (
			);
			dependencies = (
			);
			name = "ChaorusFlangos - Shared Code";
			productName = ChaorusFlangos;
			productReference = E508DE6E92F643647068723A;
			productType = "com.apple.product-type.library.static";
		};
/* End PBXNativeTarget section */

/* Begin PBXProject section */
		9B6AFBF4CE1838691102BE0C = {
			isa = PBXProject;
			attributes = {
				BuildIndependentTargetsInParallel = YES;
				LastUpgradeCheck = 1340;
				ORGANIZATIONNAME = "";
				TargetAttributes = {
					2697A19E8ECC3EAFCE9F7CD3 = {
						SystemCapabilities = {
							com.apple.ApplicationGroups.iOS = {
								enabled = 0;
							};
							com.apple.HardenedRuntime = {
								enabled = 0;
							};
							com.apple.InAppPurchase = {
								enabled = 0;
							};
							com.apple.InterAppAudio = {
								enabled = 0;
							};
							com.apple.Push = {
								enabled = 0;
							};
							com.apple.Sandbox = {
								enabled = 0;
							};
						};
					};
					40FC542DCCE5285F96262BA4 = {
						SystemCapabilities = {
							com.apple.ApplicationGroups.iOS = {
								enabled = 0;
							};
							com.apple.HardenedRuntime = {
								enabled = 0;
							};
							com.apple.InAppPurchase = {
								enabled = 0;
							};
							com.apple.InterAppAudio = {
								enabled = 0;
							};
							com.apple.Push = {
								enabled = 0;
							};
							com.apple.Sandbox = {
								enabled = 0;
							};
						};
					};
					71F630AA92543743EAE19265 = {
						SystemCapabilities = {
							com.apple.ApplicationGroups.iOS = {
								enabled = 0;
							};
							com.apple.HardenedRuntime = {
								enabled = 0;
							};
							com.apple.InAppPurchase = {
								enabled = 0;
							};
							com.apple.InterAppAudio = {
								enabled = 0;
							};
							com.apple.Push = {
								enabled = 0;
							};
							com.apple.Sandbox = {
								enabled = 0;
							};
						};
					};
					B387DAE98C29D56D2C6A456A = {
						SystemCapabilities = {
							com.apple.ApplicationGroups.iOS = {
								enabled = 0;
							};
							com.apple.HardenedRuntime = {
								enabled = 0;
							};
							com.apple.InAppPurchase = {
								enabled = 0;
							};
							com.apple.InterAppAudio = {
								enabled = 0;
							};
							com.apple.Push = {
								enabled = 0;
							};
							com.apple.Sandbox = {
								enabled = 0;
							};
						};
					};
					B9807DDEF0A626DF1BB3F178 = {
						SystemCapabilities = {
							com.apple.ApplicationGroups.iOS = {
								enabled = 0;
							};
							com.apple.HardenedRuntime = {
								enabled = 0;
							};
							com.apple.InAppPurchase = {
								enabled = 0;
							};
							com.apple.InterAppAudio = {
								enabled = 0;
							};
							com.apple.Push = {
								enabled = 0;
							};
							com.apple.Sandbox = {
								enabled = 0;
							};
						};
					};
					CA605562D76BEAEFA2F7D24A = {
						SystemCapabilities = {
							com.apple.ApplicationGroups.iOS = {
								enabled = 0;
							};
							com.apple.HardenedRuntime = {
								enabled = 0;
							};
							com.apple.InAppPurchase = {
								enabled = 0;
							};
							com.apple.InterAppAudio = {
								enabled = 0;
							};
							com.apple.Push = {
								enabled = 0;
							};
							com.apple.Sandbox = {
								enabled = 0;
							};
						};
					};
				};
			};
			buildConfigurationList = DD467B7B8DFA39CF7E6E3753;
			compatibilityVersion = "Xcode 3.2";
			hasScannedForEncodings = 0;
			knownRegions = (
				en,
				Base,
			);
			mainGroup = 66FABF3A0AA28C3DC68DD4FA;
			projectDirPath = "";
			projectRoot = "";
			targets = (
				71F630AA92543743EAE19265,
				B387DAE98C29D56D2C6A456A,
				2697A19E8ECC3EAFCE9F7CD3,
				B9807DDEF0A626DF1BB3F178,
				CA605562D76BEAEFA2F7D24A,
				40FC542DCCE5285F96262BA4,
			);
		};
/* End PBXProject section */

/* Begin PBXResourcesBuildPhase section */
		4BB5EA8453E756DA2B471F0F = {
			isa = PBXResourcesBuildPhase;
			buildActionMask = 2147483647;
			files = (
				9E260A640388AFCC2789C1AE,
			);
			runOnlyForDeploymentPostprocessing = 0;
		};
		9B7D06AC7AF63710F00C846A = {
			isa = PBXResourcesBuildPhase;
			buildActionMask = 2147483647;
			files = (
				9E260A640388AFCC2789C1AE,
			);
			runOnlyForDeploymentPostprocessing = 0;
		};
		B2E5D68FE01289198A5AA082 = {
			isa = PBXResourcesBuildPhase;
			buildActionMask = 2147483647;
			files = (
				9E260A640388AFCC2789C1AE,
			);
			runOnlyForDeploymentPostprocessing = 0;
		};
/* End PBXResourcesBuildPhase section */

/* Begin PBXShellScriptBuildPhase section */
		42434F0B608FA40452925EB1 /* Plugin Copy Step */ = {
			isa = PBXShellScriptBuildPhase;
			buildActionMask = 2147483647;
			files = (
			);
			runOnlyForDeploymentPostprocessing = 0;
			name = "Plugin Copy Step";
			alwaysOutOfDate = 1;
			shellPath = /bin/sh;
			shellScript = "set -e\n\nif test \"$CONFIGURATION\" = \"Debug\"; then :\n\nxcrun codesign --verify \"${TARGET_BUILD_DIR}/${FULL_PRODUCT_NAME}\" || xcrun codesign -f -s - \"${TARGET_BUILD_DIR}/${FULL_PRODUCT_NAME}\"\n\nif [ -e \"$HOME/Library/Audio/Plug-Ins/Components/${FULL_PRODUCT_NAME}\" ]; then :\n  echo \"Destination '$HOME/Library/Audio/Plug-Ins/Components/${FULL_PRODUCT_NAME}' exists, overwriting\"\n  rm -rf \"$HOME/Library/Audio/Plug-Ins/Components/${FULL_PRODUCT_NAME}\"\nfi\nmkdir -p \"$HOME/Library/Audio/Plug-Ins/Components/\"\ncp -r \"${TARGET_BUILD_DIR}/${FULL_PRODUCT_NAME}\" \"$HOME/Library/Audio/Plug-Ins/Components/\"\n\nfi\n\n\nif test \"$CONFIGURATION\" = \"Release\"; then :\n\nxcrun codesign --verify \"${TARGET_BUILD_DIR}/${FULL_PRODUCT_NAME}\" || xcrun codesign -f -s - \"${TARGET_BUILD_DIR}/${FULL_PRODUCT_NAME}\"\n\nif [ -e \"$HOME/Library/Audio/Plug-Ins/Components/${FULL_PRODUCT_NAME}\" ]; then :\n  echo \"Destination '$HOME/Library/Audio/Plug-Ins/Components/${FULL_PRODUCT_NAME}' exists, overwriting\"\n  rm -rf \"$HOME/Library/Audio/Plug-Ins/Components/${FULL_PRODUCT_NAME}\"\nfi\nmkdir -p \"$HOME/Library/Audio/Plug-Ins/Components/\"\ncp -r \"${TARGET_BUILD_DIR}/${FULL_PRODUCT_NAME}\" \"$HOME/Library/Audio/Plug-Ins/Components/\"\n\nfi\n";
		};
		8EF42F8E1F629BE2A933AD56 /* Update manifest */ = {
			isa = PBXShellScriptBuildPhase;
			buildActionMask = 2147483647;
			files = (
			);
			runOnlyForDeploymentPostprocessing = 0;
			name = "Update manifest";
			alwaysOutOfDate = 1;
			shellPath = /bin/sh;
			shellScript = "set -e\nrm -f \"$CONFIGURATION_BUILD_DIR/$FULL_PRODUCT_NAME/Contents/moduleinfo.json\"\n\nxcrun codesign --verify \"$CONFIGURATION_BUILD_DIR/$FULL_PRODUCT_NAME\" || xcrun codesign -f -s - \"$CONFIGURATION_BUILD_DIR/$FULL_PRODUCT_NAME\"\n\"$CONFIGURATION_BUILD_DIR/juce_vst3_helper\" -create -version \"1.0.0\" -path \"$CONFIGURATION_BUILD_DIR/$FULL_PRODUCT_NAME\" -output \"$CONFIGURATION_BUILD_DIR/$FULL_PRODUCT_NAME/Contents/Resources/moduleinfo.json\"\n";
		};
		ACD5BBC997F8E1FAB0D7FE71 /* Plugin Copy Step */ = {
			isa = PBXShellScriptBuildPhase;
			buildActionMask = 2147483647;
			files = (
			);
			runOnlyForDeploymentPostprocessing = 0;
			name = "Plugin Copy Step";
			alwaysOutOfDate = 1;
			shellPath = /bin/sh;
			shellScript = "set -e\n\nif test \"$CONFIGURATION\" = \"Debug\"; then :\n\nxcrun codesign --verify \"${TARGET_BUILD_DIR}/${FULL_PRODUCT_NAME}\" || xcrun codesign -f -s - \"${TARGET_BUILD_DIR}/${FULL_PRODUCT_NAME}\"\n\nif [ -e \"$HOME/Library/Audio/Plug-Ins/VST3/${FULL_PRODUCT_NAME}\" ]; then :\n  echo \"Destination '$HOME/Library/Audio/Plug-Ins/VST3/${FULL_PRODUCT_NAME}' exists, overwriting\"\n  rm -rf \"$HOME/Library/Audio/Plug-Ins/VST3/${FULL_PRODUCT_NAME}\"\nfi\nmkdir -p \"$HOME/Library/Audio/Plug-Ins/VST3/\"\ncp -r \"${TARGET_BUILD_DIR}/${FULL_PRODUCT_NAME}\" \"$HOME/Library/Audio/Plug-Ins/VST3/\"\n\nfi\n\n\nif test \"$CONFIGURATION\" = \"Release\"; then :\n\nxcrun codesign --verify \"${TARGET_BUILD_DIR}/${FULL_PRODUCT_NAME}\" || xcrun codesign -f -s - \"${TARGET_BUILD_DIR}/${FULL_PRODUCT_NAME}\"\n\nif [ -e \"$HOME/Library/Audio/Plug-Ins/VST3/${FULL_PRODUCT_NAME}\" ]; then :\n  echo \"Destination '$HOME/Library/Audio/Plug-Ins/VST3/${FULL_PRODUCT_NAME}' exists, overwriting\"\n  rm -rf \"$HOME/Library/Audio/Plug-Ins/VST3/${FULL_PRODUCT_NAME}\"\nfi\nmkdir -p \"$HOME/Library/Audio/Plug-Ins/VST3/\"\ncp -r \"${TARGET_BUILD_DIR}/${FULL_PRODUCT_NAME}\" \"$HOME/Library/Audio/Plug-Ins/VST3/\"\n\nfi\n";
		};
/* End PBXShellScriptBuildPhase section */

/* Begin PBXSourcesBuildPhase section */
		188C86A51403690F08A7AB21 = {
			isa = PBXSourcesBuildPhase;
			buildActionMask = 2147483647;
			files = (
				5705AB76D8EE272A54A8BD86,
			);
			runOnlyForDeploymentPostprocessing = 0;
		};
		4C0F05999E395A7FA6878D79 = {
			isa = PBXSourcesBuildPhase;
			buildActionMask = 2147483647;
			files = (
				5E158A9BCA1E19973E874222,
				43440DB8372127532E5D9A9E,
				486044B1A1E16802CEC57B2F,
				F8B6CC5C1F446CF4232EFC2C,
				44D85FAD2F95FBE1F1706371,
				0CCFB6D12441C74EE9B5C4E1,
				EB119EDE2A5344BD48992931,
				AF44A1C49114B3E2F2086E9B,
				F3D8DCB843DDF780ECD8B390,
				7CE1256DCAE2524E07F9DCD5,
				8EED48DB8BD62B5B385DDFCF,
				F0B724039C60868419E5F130,
				4C68AA92CDF7241136680CE0,
				FB884F134D22E8D908384FCA,
				C2FC32B46043E0BF5F3F9427,
				9AA4464BE14275C1050AE2CE,
			);
			runOnlyForDeploymentPostprocessing = 0;
		};
		86A7642398461415B1B84FA2 = {
			isa = PBXSourcesBuildPhase;
			buildActionMask = 2147483647;
			files = (
				AFE1933F1D60351141651098,
			);
			runOnlyForDeploymentPostprocessing = 0;
		};
		D1A5B1E1D8CC1DD041C225A0 = {
			isa = PBXSourcesBuildPhase;
			buildActionMask = 2147483647;
			files = (
				2B2C1F69AE9B0AB226B8C33A,
				16305D6DF355FCFA2D519635,
			);
			runOnlyForDeploymentPostprocessing = 0;
		};
		D4F1C082BC95E3E1524EB90B = {
			isa = PBXSourcesBuildPhase;
			buildActionMask = 2147483647;
			files = (
				99FE23235F0EEBD17507FDA9,
			);
			runOnlyForDeploymentPostprocessing = 0;
		};
/* End PBXSourcesBuildPhase section */

/* Begin PBXTargetDependency section */
		03A5B7DAE4304AAEE9AA6C0C = {
			isa = PBXTargetDependency;
			target = CA605562D76BEAEFA2F7D24A;
		};
		1286B99647035C34A2C41ACF = {
			isa = PBXTargetDependency;
			target = 2697A19E8ECC3EAFCE9F7CD3;
		};
		18F139F9D91D8E9D4B01EA55 = {
			isa = PBXTargetDependency;
			target = CA605562D76BEAEFA2F7D24A;
		};
		2569F6663651CC457FEAE6ED = {
			isa = PBXTargetDependency;
			target = B9807DDEF0A626DF1BB3F178;
		};
		59D79093B795664062403E9B = {
			isa = PBXTargetDependency;
			target = CA605562D76BEAEFA2F7D24A;
		};
		B713894B2881088BF2DE5998 = {
			isa = PBXTargetDependency;
			target = 40FC542DCCE5285F96262BA4;
		};
		CAD0307E74FD56755DB114C0 = {
			isa = PBXTargetDependency;
			target = CA605562D76BEAEFA2F7D24A;
		};
		D2B256B9FBECD7241FAE31D2 = {
			isa = PBXTargetDependency;
			target = B387DAE98C29D56D2C6A456A;
		};
		FFBD387641B1D82803DEA9A7 = {
			isa = PBXTargetDependency;
			target = 40FC542DCCE5285F96262BA4;
		};
/* End PBXTargetDependency section */

/* Begin XCBuildConfiguration section */
		155F7F3C28E55E92940AFD59 /* Release */ = {
			isa = XCBuildConfiguration;
			buildSettings = {
				MACOSX_DEPLOYMENT_TARGET = 10.13;
				SDKROOT = macosx;
			};
			name = Release;
		};
		2ADC26363A95F7F598450833 /* Debug */ = {
			isa = XCBuildConfiguration;
			buildSettings = {
				ALWAYS_SEARCH_USER_PATHS = NO;
				CLANG_ENABLE_OBJC_WEAK = YES;
				CLANG_WARN_BLOCK_CAPTURE_AUTORELEASING = YES;
				CLANG_WARN_BOOL_CONVERSION = YES;
				CLANG_WARN_COMMA = YES;
				CLANG_WARN_CONSTANT_CONVERSION = YES;
				CLANG_WARN_DEPRECATED_OBJC_IMPLEMENTATIONS = YES;
				CLANG_WARN_EMPTY_BODY = YES;
				CLANG_WARN_ENUM_CONVERSION = YES;
				CLANG_WARN_INFINITE_RECURSION = YES;
				CLANG_WARN_INT_CONVERSION = YES;
				CLANG_WARN_NON_LITERAL_NULL_CONVERSION = YES;
				CLANG_WARN_OBJC_IMPLICIT_RETAIN_SELF = YES;
				CLANG_WARN_OBJC_LITERAL_CONVERSION = YES;
				CLANG_WARN_RANGE_LOOP_ANALYSIS = YES;
				CLANG_WARN_STRICT_PROTOTYPES = YES;
				CLANG_WARN_SUSPICIOUS_MOVE = YES;
				CLANG_WARN_UNREACHABLE_CODE = YES;
				CLANG_WARN__DUPLICATE_METHOD_MATCH = YES;
				DEBUG_INFORMATION_FORMAT = dwarf;
				ENABLE_STRICT_OBJC_MSGSEND = YES;
				ENABLE_TESTABILITY = NO;
				GCC_C_LANGUAGE_STANDARD = c11;
				GCC_INLINES_ARE_PRIVATE_EXTERN = YES;
				GCC_MODEL_TUNING = G5;
				GCC_NO_COMMON_BLOCKS = YES;
				GCC_SYMBOLS_PRIVATE_EXTERN = YES;
				GCC_WARN_64_TO_32_BIT_CONVERSION = YES;
				GCC_WARN_ABOUT_RETURN_TYPE = YES;
				GCC_WARN_CHECK_SWITCH_STATEMENTS = YES;
				GCC_WARN_MISSING_PARENTHESES = YES;
				GCC_WARN_NON_VIRTUAL_DESTRUCTOR = YES;
				GCC_WARN_TYPECHECK_CALLS_TO_PRINTF = YES;
				GCC_WARN_UNDECLARED_SELECTOR = YES;
				GCC_WARN_UNINITIALIZED_AUTOS = YES;
				GCC_WARN_UNUSED_FUNCTION = YES;
				GCC_WARN_UNUSED_VARIABLE = YES;
				ONLY_ACTIVE_ARCH = YES;
				PRODUCT_NAME = "NewProject";
				SDKROOT = macosx;
				WARNING_CFLAGS = "-Wreorder";
				ZERO_LINK = NO;
			};
			name = Debug;
		};
		321EE8E387B2760F52D1CD75 /* Release */ = {
			isa = XCBuildConfiguration;
			buildSettings = {
				ALWAYS_SEARCH_USER_PATHS = NO;
				CLANG_ENABLE_OBJC_WEAK = YES;
				CLANG_WARN_BLOCK_CAPTURE_AUTORELEASING = YES;
				CLANG_WARN_BOOL_CONVERSION = YES;
				CLANG_WARN_COMMA = YES;
				CLANG_WARN_CONSTANT_CONVERSION = YES;
				CLANG_WARN_DEPRECATED_OBJC_IMPLEMENTATIONS = YES;
				CLANG_WARN_EMPTY_BODY = YES;
				CLANG_WARN_ENUM_CONVERSION = YES;
				CLANG_WARN_INFINITE_RECURSION = YES;
				CLANG_WARN_INT_CONVERSION = YES;
				CLANG_WARN_NON_LITERAL_NULL_CONVERSION = YES;
				CLANG_WARN_OBJC_IMPLICIT_RETAIN_SELF = YES;
				CLANG_WARN_OBJC_LITERAL_CONVERSION = YES;
				CLANG_WARN_RANGE_LOOP_ANALYSIS = YES;
				CLANG_WARN_STRICT_PROTOTYPES = YES;
				CLANG_WARN_SUSPICIOUS_MOVE = YES;
				CLANG_WARN_UNREACHABLE_CODE = YES;
				CLANG_WARN__DUPLICATE_METHOD_MATCH = YES;
				DEBUG_INFORMATION_FORMAT = dwarf;
				ENABLE_STRICT_OBJC_MSGSEND = YES;
				ENABLE_TESTABILITY = NO;
				GCC_C_LANGUAGE_STANDARD = c11;
				GCC_INLINES_ARE_PRIVATE_EXTERN = YES;
				GCC_MODEL_TUNING = G5;
				GCC_NO_COMMON_BLOCKS = YES;
				GCC_SYMBOLS_PRIVATE_EXTERN = YES;
				GCC_WARN_64_TO_32_BIT_CONVERSION = YES;
				GCC_WARN_ABOUT_RETURN_TYPE = YES;
				GCC_WARN_CHECK_SWITCH_STATEMENTS = YES;
				GCC_WARN_MISSING_PARENTHESES = YES;
				GCC_WARN_NON_VIRTUAL_DESTRUCTOR = YES;
				GCC_WARN_TYPECHECK_CALLS_TO_PRINTF = YES;
				GCC_WARN_UNDECLARED_SELECTOR = YES;
				GCC_WARN_UNINITIALIZED_AUTOS = YES;
				GCC_WARN_UNUSED_FUNCTION = YES;
				GCC_WARN_UNUSED_VARIABLE = YES;
				PRODUCT_NAME = "NewProject";
				SDKROOT = macosx;
				WARNING_CFLAGS = "-Wreorder";
				ZERO_LINK = NO;
			};
			name = Release;
		};
		464C42A5F648A38249BB5CF0 /* Release */ = {
			isa = XCBuildConfiguration;
			buildSettings = {
				CLANG_CXX_LANGUAGE_STANDARD = "c++17";
				CLANG_CXX_LIBRARY = "libc++";
				CLANG_LINK_OBJC_RUNTIME = NO;
				COMBINE_HIDPI_IMAGES = YES;
				CONFIGURATION_BUILD_DIR = "$(PROJECT_DIR)/build/$(CONFIGURATION)";
				DEAD_CODE_STRIPPING = YES;
				EXCLUDED_ARCHS = "";
				GCC_GENERATE_DEBUGGING_SYMBOLS = NO;
				GCC_OPTIMIZATION_LEVEL = 3;
				GCC_PREPROCESSOR_DEFINITIONS = (
					"_NDEBUG=1",
					"NDEBUG=1",
					"JUCE_DISPLAY_SPLASH_SCREEN=1",
					"JUCE_USE_DARK_SPLASH_SCREEN=1",
					"JUCE_PROJUCER_VERSION=0x70009",
					"JUCE_MODULE_AVAILABLE_juce_audio_basics=1",
					"JUCE_MODULE_AVAILABLE_juce_audio_devices=1",
					"JUCE_MODULE_AVAILABLE_juce_audio_formats=1",
					"JUCE_MODULE_AVAILABLE_juce_audio_plugin_client=1",
					"JUCE_MODULE_AVAILABLE_juce_audio_processors=1",
					"JUCE_MODULE_AVAILABLE_juce_audio_utils=1",
					"JUCE_MODULE_AVAILABLE_juce_core=1",
					"JUCE_MODULE_AVAILABLE_juce_data_structures=1",
					"JUCE_MODULE_AVAILABLE_juce_events=1",
					"JUCE_MODULE_AVAILABLE_juce_graphics=1",
					"JUCE_MODULE_AVAILABLE_juce_gui_basics=1",
					"JUCE_MODULE_AVAILABLE_juce_gui_extra=1",
					"JUCE_GLOBAL_MODULE_SETTINGS_INCLUDED=1",
					"JUCE_VST3_CAN_REPLACE_VST2=0",
					"JUCE_STRICT_REFCOUNTEDPOINTER=1",
					"JucePlugin_Build_VST=0",
					"JucePlugin_Build_VST3=0",
					"JucePlugin_Build_AU=0",
					"JucePlugin_Build_AUv3=0",
					"JucePlugin_Build_AAX=0",
					"JucePlugin_Build_Standalone=0",
					"JucePlugin_Build_Unity=0",
					"JucePlugin_Build_LV2=0",
					"JucePlugin_Enable_IAA=0",
					"JucePlugin_Enable_ARA=0",
					"JucePlugin_Name=\\\"ChaorusFlangos\\\"",
					"JucePlugin_Desc=\\\"ChaorusFlangos\\\"",
					"JucePlugin_Manufacturer=\\\"yourcompany\\\"",
					"JucePlugin_ManufacturerWebsite=\\\"www.yourcompany.com\\\"",
					"JucePlugin_ManufacturerEmail=\\\"\\\"",
					"JucePlugin_ManufacturerCode=0x4d616e75",
					"JucePlugin_PluginCode=0x54346962",
					"JucePlugin_IsSynth=0",
					"JucePlugin_WantsMidiInput=0",
					"JucePlugin_ProducesMidiOutput=0",
					"JucePlugin_IsMidiEffect=0",
					"JucePlugin_EditorRequiresKeyboardFocus=0",
					"JucePlugin_Version=1.0.0",
					"JucePlugin_VersionCode=0x10000",
					"JucePlugin_VersionString=\\\"1.0.0\\\"",
					"JucePlugin_VSTUniqueID=JucePlugin_PluginCode",
					"JucePlugin_VSTCategory=kPlugCategEffect",
					"JucePlugin_Vst3Category=\\\"Fx\\\"",
					"JucePlugin_AUMainType=\\'aufx\\'",
					"JucePlugin_AUSubType=JucePlugin_PluginCode",
					"JucePlugin_AUExportPrefix=ChaorusFlangosAU",
					"JucePlugin_AUExportPrefixQuoted=\\\"ChaorusFlangosAU\\\"",
					"JucePlugin_AUManufacturerCode=JucePlugin_ManufacturerCode",
					"JucePlugin_CFBundleIdentifier=com.yourcompany.ChaorusFlangos",
					"JucePlugin_AAXIdentifier=com.yourcompany.ChaorusFlangos",
					"JucePlugin_AAXManufacturerCode=JucePlugin_ManufacturerCode",
					"JucePlugin_AAXProductId=JucePlugin_PluginCode",
					"JucePlugin_AAXCategory=0",
					"JucePlugin_AAXDisableBypass=0",
					"JucePlugin_AAXDisableMultiMono=0",
					"JucePlugin_IAAType=0x61757278",
					"JucePlugin_IAASubType=JucePlugin_PluginCode",
					"JucePlugin_IAAName=\\\"yourcompany:\\ ChaorusFlangos\\\"",
					"JucePlugin_VSTNumMidiInputs=16",
					"JucePlugin_VSTNumMidiOutputs=16",
					"JucePlugin_ARAContentTypes=0",
					"JucePlugin_ARATransformationFlags=0",
					"JucePlugin_ARAFactoryID=\\\"com.yourcompany.ChaorusFlangos.factory\\\"",
					"JucePlugin_ARADocumentArchiveID=\\\"com.yourcompany.ChaorusFlangos.aradocumentarchive.1.0.0\\\"",
					"JucePlugin_ARACompatibleArchiveIDs=\\\"\\\"",
					"JUCE_STANDALONE_APPLICATION=JucePlugin_Build_Standalone",
					"JUCER_XCODE_MAC_F6D2F4CF=1",
					"JUCE_APP_VERSION=1.0.0",
					"JUCE_APP_VERSION_HEX=0x10000",
				);
				GCC_VERSION = com.apple.compilers.llvm.clang.1_0;
				HEADER_SEARCH_PATHS = (
					"/Users/catarinaserrano/Downloads/JUCE/modules/juce_audio_processors/format_types/VST3_SDK",
					"$(SRCROOT)/../../JuceLibraryCode",
					"/Users/catarinaserrano/Downloads/JUCE/modules",
					"/Users/catarinaserrano/Downloads/JUCE/modules/juce_audio_plugin_client/AU",
					"$(inherited)",
				);
				INFOPLIST_FILE = Info-VST3_Manifest_Helper.plist;
				INFOPLIST_PREPROCESS = NO;
				LLVM_LTO = YES;
				MACOSX_DEPLOYMENT_TARGET = 10.13;
				MTL_HEADER_SEARCH_PATHS = "/Users/catarinaserrano/Downloads/JUCE/modules/juce_audio_processors/format_types/VST3_SDK $(SRCROOT)/../../JuceLibraryCode /Users/catarinaserrano/Downloads/JUCE/modules /Users/catarinaserrano/Downloads/JUCE/modules/juce_audio_plugin_client/AU";
				PRODUCT_BUNDLE_IDENTIFIER = com.yourcompany.ChaorusFlangos;
				PRODUCT_NAME = "juce_vst3_helper";
				USE_HEADERMAP = NO;
				VALID_ARCHS = "i386 x86_64 arm64 arm64e";
			};
			name = Release;
		};
		652A04CD8AF7768034F5D65C /* Release */ = {
			isa = XCBuildConfiguration;
			buildSettings = {
				CLANG_CXX_LANGUAGE_STANDARD = "c++17";
				CLANG_CXX_LIBRARY = "libc++";
				CLANG_LINK_OBJC_RUNTIME = NO;
				COMBINE_HIDPI_IMAGES = YES;
				CONFIGURATION_BUILD_DIR = "$(PROJECT_DIR)/build/$(CONFIGURATION)";
				DEAD_CODE_STRIPPING = YES;
				EXCLUDED_ARCHS = "";
				GCC_GENERATE_DEBUGGING_SYMBOLS = NO;
				GCC_OPTIMIZATION_LEVEL = 3;
				GCC_PREPROCESSOR_DEFINITIONS = (
					"_NDEBUG=1",
					"NDEBUG=1",
					"JUCE_DISPLAY_SPLASH_SCREEN=1",
					"JUCE_USE_DARK_SPLASH_SCREEN=1",
					"JUCE_PROJUCER_VERSION=0x70009",
					"JUCE_MODULE_AVAILABLE_juce_audio_basics=1",
					"JUCE_MODULE_AVAILABLE_juce_audio_devices=1",
					"JUCE_MODULE_AVAILABLE_juce_audio_formats=1",
					"JUCE_MODULE_AVAILABLE_juce_audio_plugin_client=1",
					"JUCE_MODULE_AVAILABLE_juce_audio_processors=1",
					"JUCE_MODULE_AVAILABLE_juce_audio_utils=1",
					"JUCE_MODULE_AVAILABLE_juce_core=1",
					"JUCE_MODULE_AVAILABLE_juce_data_structures=1",
					"JUCE_MODULE_AVAILABLE_juce_events=1",
					"JUCE_MODULE_AVAILABLE_juce_graphics=1",
					"JUCE_MODULE_AVAILABLE_juce_gui_basics=1",
					"JUCE_MODULE_AVAILABLE_juce_gui_extra=1",
					"JUCE_GLOBAL_MODULE_SETTINGS_INCLUDED=1",
					"JUCE_VST3_CAN_REPLACE_VST2=0",
					"JUCE_STRICT_REFCOUNTEDPOINTER=1",
					"JucePlugin_Build_VST=0",
					"JucePlugin_Build_VST3=1",
					"JucePlugin_Build_AU=0",
					"JucePlugin_Build_AUv3=0",
					"JucePlugin_Build_AAX=0",
					"JucePlugin_Build_Standalone=0",
					"JucePlugin_Build_Unity=0",
					"JucePlugin_Build_LV2=0",
					"JucePlugin_Enable_IAA=0",
					"JucePlugin_Enable_ARA=0",
					"JucePlugin_Name=\\\"ChaorusFlangos\\\"",
					"JucePlugin_Desc=\\\"ChaorusFlangos\\\"",
					"JucePlugin_Manufacturer=\\\"yourcompany\\\"",
					"JucePlugin_ManufacturerWebsite=\\\"www.yourcompany.com\\\"",
					"JucePlugin_ManufacturerEmail=\\\"\\\"",
					"JucePlugin_ManufacturerCode=0x4d616e75",
					"JucePlugin_PluginCode=0x54346962",
					"JucePlugin_IsSynth=0",
					"JucePlugin_WantsMidiInput=0",
					"JucePlugin_ProducesMidiOutput=0",
					"JucePlugin_IsMidiEffect=0",
					"JucePlugin_EditorRequiresKeyboardFocus=0",
					"JucePlugin_Version=1.0.0",
					"JucePlugin_VersionCode=0x10000",
					"JucePlugin_VersionString=\\\"1.0.0\\\"",
					"JucePlugin_VSTUniqueID=JucePlugin_PluginCode",
					"JucePlugin_VSTCategory=kPlugCategEffect",
					"JucePlugin_Vst3Category=\\\"Fx\\\"",
					"JucePlugin_AUMainType=\\'aufx\\'",
					"JucePlugin_AUSubType=JucePlugin_PluginCode",
					"JucePlugin_AUExportPrefix=ChaorusFlangosAU",
					"JucePlugin_AUExportPrefixQuoted=\\\"ChaorusFlangosAU\\\"",
					"JucePlugin_AUManufacturerCode=JucePlugin_ManufacturerCode",
					"JucePlugin_CFBundleIdentifier=com.yourcompany.ChaorusFlangos",
					"JucePlugin_AAXIdentifier=com.yourcompany.ChaorusFlangos",
					"JucePlugin_AAXManufacturerCode=JucePlugin_ManufacturerCode",
					"JucePlugin_AAXProductId=JucePlugin_PluginCode",
					"JucePlugin_AAXCategory=0",
					"JucePlugin_AAXDisableBypass=0",
					"JucePlugin_AAXDisableMultiMono=0",
					"JucePlugin_IAAType=0x61757278",
					"JucePlugin_IAASubType=JucePlugin_PluginCode",
					"JucePlugin_IAAName=\\\"yourcompany:\\ ChaorusFlangos\\\"",
					"JucePlugin_VSTNumMidiInputs=16",
					"JucePlugin_VSTNumMidiOutputs=16",
					"JucePlugin_ARAContentTypes=0",
					"JucePlugin_ARATransformationFlags=0",
					"JucePlugin_ARAFactoryID=\\\"com.yourcompany.ChaorusFlangos.factory\\\"",
					"JucePlugin_ARADocumentArchiveID=\\\"com.yourcompany.ChaorusFlangos.aradocumentarchive.1.0.0\\\"",
					"JucePlugin_ARACompatibleArchiveIDs=\\\"\\\"",
					"JUCE_STANDALONE_APPLICATION=JucePlugin_Build_Standalone",
					"JUCER_XCODE_MAC_F6D2F4CF=1",
					"JUCE_APP_VERSION=1.0.0",
					"JUCE_APP_VERSION_HEX=0x10000",
				);
				GCC_VERSION = com.apple.compilers.llvm.clang.1_0;
				GENERATE_PKGINFO_FILE = YES;
				HEADER_SEARCH_PATHS = (
					"/Users/catarinaserrano/Downloads/JUCE/modules/juce_audio_processors/format_types/VST3_SDK",
					"$(SRCROOT)/../../JuceLibraryCode",
					"/Users/catarinaserrano/Downloads/JUCE/modules",
					"/Users/catarinaserrano/Downloads/JUCE/modules/juce_audio_plugin_client/AU",
					"$(inherited)",
				);
				INFOPLIST_FILE = Info-VST3.plist;
				INFOPLIST_PREPROCESS = NO;
				INSTALL_PATH = "$(HOME)/Library/Audio/Plug-Ins/VST3/";
				LIBRARY_STYLE = Bundle;
				LLVM_LTO = YES;
				MACOSX_DEPLOYMENT_TARGET = 10.13;
				MTL_HEADER_SEARCH_PATHS = "/Users/catarinaserrano/Downloads/JUCE/modules/juce_audio_processors/format_types/VST3_SDK $(SRCROOT)/../../JuceLibraryCode /Users/catarinaserrano/Downloads/JUCE/modules /Users/catarinaserrano/Downloads/JUCE/modules/juce_audio_plugin_client/AU";
				OTHER_LDFLAGS = "-bundle -lNewProject";
				PRODUCT_BUNDLE_IDENTIFIER = com.yourcompany.ChaorusFlangos;
				PRODUCT_NAME = "NewProject";
				USE_HEADERMAP = NO;
				VALID_ARCHS = "i386 x86_64 arm64 arm64e";
				WRAPPER_EXTENSION = vst3;
			};
			name = Release;
		};
		66C6D26A751328D4326EFEC4 /* Debug */ = {
			isa = XCBuildConfiguration;
			buildSettings = {
				CLANG_CXX_LANGUAGE_STANDARD = "c++17";
				CLANG_CXX_LIBRARY = "libc++";
				CLANG_LINK_OBJC_RUNTIME = NO;
				COMBINE_HIDPI_IMAGES = YES;
				CONFIGURATION_BUILD_DIR = "$(PROJECT_DIR)/build/$(CONFIGURATION)";
				COPY_PHASE_STRIP = NO;
				EXCLUDED_ARCHS = "";
				GCC_DYNAMIC_NO_PIC = NO;
				GCC_OPTIMIZATION_LEVEL = 0;
				GCC_PREPROCESSOR_DEFINITIONS = (
					"_DEBUG=1",
					"DEBUG=1",
					"JUCE_DISPLAY_SPLASH_SCREEN=1",
					"JUCE_USE_DARK_SPLASH_SCREEN=1",
					"JUCE_PROJUCER_VERSION=0x70009",
					"JUCE_MODULE_AVAILABLE_juce_audio_basics=1",
					"JUCE_MODULE_AVAILABLE_juce_audio_devices=1",
					"JUCE_MODULE_AVAILABLE_juce_audio_formats=1",
					"JUCE_MODULE_AVAILABLE_juce_audio_plugin_client=1",
					"JUCE_MODULE_AVAILABLE_juce_audio_processors=1",
					"JUCE_MODULE_AVAILABLE_juce_audio_utils=1",
					"JUCE_MODULE_AVAILABLE_juce_core=1",
					"JUCE_MODULE_AVAILABLE_juce_data_structures=1",
					"JUCE_MODULE_AVAILABLE_juce_events=1",
					"JUCE_MODULE_AVAILABLE_juce_graphics=1",
					"JUCE_MODULE_AVAILABLE_juce_gui_basics=1",
					"JUCE_MODULE_AVAILABLE_juce_gui_extra=1",
					"JUCE_GLOBAL_MODULE_SETTINGS_INCLUDED=1",
					"JUCE_VST3_CAN_REPLACE_VST2=0",
					"JUCE_STRICT_REFCOUNTEDPOINTER=1",
					"JucePlugin_Build_VST=0",
					"JucePlugin_Build_VST3=0",
					"JucePlugin_Build_AU=0",
					"JucePlugin_Build_AUv3=0",
					"JucePlugin_Build_AAX=0",
					"JucePlugin_Build_Standalone=1",
					"JucePlugin_Build_Unity=0",
					"JucePlugin_Build_LV2=0",
					"JucePlugin_Enable_IAA=0",
					"JucePlugin_Enable_ARA=0",
					"JucePlugin_Name=\\\"ChaorusFlangos\\\"",
					"JucePlugin_Desc=\\\"ChaorusFlangos\\\"",
					"JucePlugin_Manufacturer=\\\"yourcompany\\\"",
					"JucePlugin_ManufacturerWebsite=\\\"www.yourcompany.com\\\"",
					"JucePlugin_ManufacturerEmail=\\\"\\\"",
					"JucePlugin_ManufacturerCode=0x4d616e75",
					"JucePlugin_PluginCode=0x54346962",
					"JucePlugin_IsSynth=0",
					"JucePlugin_WantsMidiInput=0",
					"JucePlugin_ProducesMidiOutput=0",
					"JucePlugin_IsMidiEffect=0",
					"JucePlugin_EditorRequiresKeyboardFocus=0",
					"JucePlugin_Version=1.0.0",
					"JucePlugin_VersionCode=0x10000",
					"JucePlugin_VersionString=\\\"1.0.0\\\"",
					"JucePlugin_VSTUniqueID=JucePlugin_PluginCode",
					"JucePlugin_VSTCategory=kPlugCategEffect",
					"JucePlugin_Vst3Category=\\\"Fx\\\"",
					"JucePlugin_AUMainType=\\'aufx\\'",
					"JucePlugin_AUSubType=JucePlugin_PluginCode",
					"JucePlugin_AUExportPrefix=ChaorusFlangosAU",
					"JucePlugin_AUExportPrefixQuoted=\\\"ChaorusFlangosAU\\\"",
					"JucePlugin_AUManufacturerCode=JucePlugin_ManufacturerCode",
					"JucePlugin_CFBundleIdentifier=com.yourcompany.ChaorusFlangos",
					"JucePlugin_AAXIdentifier=com.yourcompany.ChaorusFlangos",
					"JucePlugin_AAXManufacturerCode=JucePlugin_ManufacturerCode",
					"JucePlugin_AAXProductId=JucePlugin_PluginCode",
					"JucePlugin_AAXCategory=0",
					"JucePlugin_AAXDisableBypass=0",
					"JucePlugin_AAXDisableMultiMono=0",
					"JucePlugin_IAAType=0x61757278",
					"JucePlugin_IAASubType=JucePlugin_PluginCode",
					"JucePlugin_IAAName=\\\"yourcompany:\\ ChaorusFlangos\\\"",
					"JucePlugin_VSTNumMidiInputs=16",
					"JucePlugin_VSTNumMidiOutputs=16",
					"JucePlugin_ARAContentTypes=0",
					"JucePlugin_ARATransformationFlags=0",
					"JucePlugin_ARAFactoryID=\\\"com.yourcompany.ChaorusFlangos.factory\\\"",
					"JucePlugin_ARADocumentArchiveID=\\\"com.yourcompany.ChaorusFlangos.aradocumentarchive.1.0.0\\\"",
					"JucePlugin_ARACompatibleArchiveIDs=\\\"\\\"",
					"JUCE_STANDALONE_APPLICATION=JucePlugin_Build_Standalone",
					"JUCER_XCODE_MAC_F6D2F4CF=1",
					"JUCE_APP_VERSION=1.0.0",
					"JUCE_APP_VERSION_HEX=0x10000",
				);
				GCC_VERSION = com.apple.compilers.llvm.clang.1_0;
				HEADER_SEARCH_PATHS = (
					"/Users/catarinaserrano/Downloads/JUCE/modules/juce_audio_processors/format_types/VST3_SDK",
					"$(SRCROOT)/../../JuceLibraryCode",
					"/Users/catarinaserrano/Downloads/JUCE/modules",
					"/Users/catarinaserrano/Downloads/JUCE/modules/juce_audio_plugin_client/AU",
					"$(inherited)",
				);
				INFOPLIST_FILE = Info-Standalone_Plugin.plist;
				INFOPLIST_PREPROCESS = NO;
				MACOSX_DEPLOYMENT_TARGET = 10.13;
				MTL_HEADER_SEARCH_PATHS = "/Users/catarinaserrano/Downloads/JUCE/modules/juce_audio_processors/format_types/VST3_SDK $(SRCROOT)/../../JuceLibraryCode /Users/catarinaserrano/Downloads/JUCE/modules /Users/catarinaserrano/Downloads/JUCE/modules/juce_audio_plugin_client/AU";
				OTHER_LDFLAGS = "-lNewProject";
				PRODUCT_BUNDLE_IDENTIFIER = com.yourcompany.ChaorusFlangos;
				PRODUCT_NAME = "NewProject";
				USE_HEADERMAP = NO;
				VALID_ARCHS = "i386 x86_64 arm64 arm64e";
			};
			name = Debug;
		};
		6C649ABA266789946A1C1C2C /* Release */ = {
			isa = XCBuildConfiguration;
			buildSettings = {
				CLANG_CXX_LANGUAGE_STANDARD = "c++17";
				CLANG_CXX_LIBRARY = "libc++";
				CLANG_LINK_OBJC_RUNTIME = NO;
				COMBINE_HIDPI_IMAGES = YES;
				CONFIGURATION_BUILD_DIR = "$(PROJECT_DIR)/build/$(CONFIGURATION)";
				DEAD_CODE_STRIPPING = YES;
				EXCLUDED_ARCHS = "";
				GCC_GENERATE_DEBUGGING_SYMBOLS = NO;
				GCC_OPTIMIZATION_LEVEL = 3;
				GCC_PREPROCESSOR_DEFINITIONS = (
					"_NDEBUG=1",
					"NDEBUG=1",
					"JUCE_DISPLAY_SPLASH_SCREEN=1",
					"JUCE_USE_DARK_SPLASH_SCREEN=1",
					"JUCE_PROJUCER_VERSION=0x70009",
					"JUCE_MODULE_AVAILABLE_juce_audio_basics=1",
					"JUCE_MODULE_AVAILABLE_juce_audio_devices=1",
					"JUCE_MODULE_AVAILABLE_juce_audio_formats=1",
					"JUCE_MODULE_AVAILABLE_juce_audio_plugin_client=1",
					"JUCE_MODULE_AVAILABLE_juce_audio_processors=1",
					"JUCE_MODULE_AVAILABLE_juce_audio_utils=1",
					"JUCE_MODULE_AVAILABLE_juce_core=1",
					"JUCE_MODULE_AVAILABLE_juce_data_structures=1",
					"JUCE_MODULE_AVAILABLE_juce_events=1",
					"JUCE_MODULE_AVAILABLE_juce_graphics=1",
					"JUCE_MODULE_AVAILABLE_juce_gui_basics=1",
					"JUCE_MODULE_AVAILABLE_juce_gui_extra=1",
					"JUCE_GLOBAL_MODULE_SETTINGS_INCLUDED=1",
					"JUCE_VST3_CAN_REPLACE_VST2=0",
					"JUCE_STRICT_REFCOUNTEDPOINTER=1",
					"JucePlugin_Build_VST=0",
					"JucePlugin_Build_VST3=0",
					"JucePlugin_Build_AU=0",
					"JucePlugin_Build_AUv3=0",
					"JucePlugin_Build_AAX=0",
					"JucePlugin_Build_Standalone=1",
					"JucePlugin_Build_Unity=0",
					"JucePlugin_Build_LV2=0",
					"JucePlugin_Enable_IAA=0",
					"JucePlugin_Enable_ARA=0",
					"JucePlugin_Name=\\\"ChaorusFlangos\\\"",
					"JucePlugin_Desc=\\\"ChaorusFlangos\\\"",
					"JucePlugin_Manufacturer=\\\"yourcompany\\\"",
					"JucePlugin_ManufacturerWebsite=\\\"www.yourcompany.com\\\"",
					"JucePlugin_ManufacturerEmail=\\\"\\\"",
					"JucePlugin_ManufacturerCode=0x4d616e75",
					"JucePlugin_PluginCode=0x54346962",
					"JucePlugin_IsSynth=0",
					"JucePlugin_WantsMidiInput=0",
					"JucePlugin_ProducesMidiOutput=0",
					"JucePlugin_IsMidiEffect=0",
					"JucePlugin_EditorRequiresKeyboardFocus=0",
					"JucePlugin_Version=1.0.0",
					"JucePlugin_VersionCode=0x10000",
					"JucePlugin_VersionString=\\\"1.0.0\\\"",
					"JucePlugin_VSTUniqueID=JucePlugin_PluginCode",
					"JucePlugin_VSTCategory=kPlugCategEffect",
					"JucePlugin_Vst3Category=\\\"Fx\\\"",
					"JucePlugin_AUMainType=\\'aufx\\'",
					"JucePlugin_AUSubType=JucePlugin_PluginCode",
					"JucePlugin_AUExportPrefix=ChaorusFlangosAU",
					"JucePlugin_AUExportPrefixQuoted=\\\"ChaorusFlangosAU\\\"",
					"JucePlugin_AUManufacturerCode=JucePlugin_ManufacturerCode",
					"JucePlugin_CFBundleIdentifier=com.yourcompany.ChaorusFlangos",
					"JucePlugin_AAXIdentifier=com.yourcompany.ChaorusFlangos",
					"JucePlugin_AAXManufacturerCode=JucePlugin_ManufacturerCode",
					"JucePlugin_AAXProductId=JucePlugin_PluginCode",
					"JucePlugin_AAXCategory=0",
					"JucePlugin_AAXDisableBypass=0",
					"JucePlugin_AAXDisableMultiMono=0",
					"JucePlugin_IAAType=0x61757278",
					"JucePlugin_IAASubType=JucePlugin_PluginCode",
					"JucePlugin_IAAName=\\\"yourcompany:\\ ChaorusFlangos\\\"",
					"JucePlugin_VSTNumMidiInputs=16",
					"JucePlugin_VSTNumMidiOutputs=16",
					"JucePlugin_ARAContentTypes=0",
					"JucePlugin_ARATransformationFlags=0",
					"JucePlugin_ARAFactoryID=\\\"com.yourcompany.ChaorusFlangos.factory\\\"",
					"JucePlugin_ARADocumentArchiveID=\\\"com.yourcompany.ChaorusFlangos.aradocumentarchive.1.0.0\\\"",
					"JucePlugin_ARACompatibleArchiveIDs=\\\"\\\"",
					"JUCE_STANDALONE_APPLICATION=JucePlugin_Build_Standalone",
					"JUCER_XCODE_MAC_F6D2F4CF=1",
					"JUCE_APP_VERSION=1.0.0",
					"JUCE_APP_VERSION_HEX=0x10000",
				);
				GCC_VERSION = com.apple.compilers.llvm.clang.1_0;
				HEADER_SEARCH_PATHS = (
					"/Users/catarinaserrano/Downloads/JUCE/modules/juce_audio_processors/format_types/VST3_SDK",
					"$(SRCROOT)/../../JuceLibraryCode",
					"/Users/catarinaserrano/Downloads/JUCE/modules",
					"/Users/catarinaserrano/Downloads/JUCE/modules/juce_audio_plugin_client/AU",
					"$(inherited)",
				);
				INFOPLIST_FILE = Info-Standalone_Plugin.plist;
				INFOPLIST_PREPROCESS = NO;
				LLVM_LTO = YES;
				MACOSX_DEPLOYMENT_TARGET = 10.13;
				MTL_HEADER_SEARCH_PATHS = "/Users/catarinaserrano/Downloads/JUCE/modules/juce_audio_processors/format_types/VST3_SDK $(SRCROOT)/../../JuceLibraryCode /Users/catarinaserrano/Downloads/JUCE/modules /Users/catarinaserrano/Downloads/JUCE/modules/juce_audio_plugin_client/AU";
				OTHER_LDFLAGS = "-lNewProject";
				PRODUCT_BUNDLE_IDENTIFIER = com.yourcompany.ChaorusFlangos;
				PRODUCT_NAME = "NewProject";
				USE_HEADERMAP = NO;
				VALID_ARCHS = "i386 x86_64 arm64 arm64e";
			};
			name = Release;
		};
		7366083B86E142689D3F77F0 /* Debug */ = {
			isa = XCBuildConfiguration;
			buildSettings = {
				CLANG_CXX_LANGUAGE_STANDARD = "c++17";
				CLANG_CXX_LIBRARY = "libc++";
				CLANG_LINK_OBJC_RUNTIME = NO;
				COMBINE_HIDPI_IMAGES = YES;
				CONFIGURATION_BUILD_DIR = "$(PROJECT_DIR)/build/$(CONFIGURATION)";
				COPY_PHASE_STRIP = NO;
				EXCLUDED_ARCHS = "";
				GCC_DYNAMIC_NO_PIC = NO;
				GCC_OPTIMIZATION_LEVEL = 0;
				GCC_PREPROCESSOR_DEFINITIONS = (
					"_DEBUG=1",
					"DEBUG=1",
					"JUCE_DISPLAY_SPLASH_SCREEN=1",
					"JUCE_USE_DARK_SPLASH_SCREEN=1",
					"JUCE_PROJUCER_VERSION=0x70009",
					"JUCE_MODULE_AVAILABLE_juce_audio_basics=1",
					"JUCE_MODULE_AVAILABLE_juce_audio_devices=1",
					"JUCE_MODULE_AVAILABLE_juce_audio_formats=1",
					"JUCE_MODULE_AVAILABLE_juce_audio_plugin_client=1",
					"JUCE_MODULE_AVAILABLE_juce_audio_processors=1",
					"JUCE_MODULE_AVAILABLE_juce_audio_utils=1",
					"JUCE_MODULE_AVAILABLE_juce_core=1",
					"JUCE_MODULE_AVAILABLE_juce_data_structures=1",
					"JUCE_MODULE_AVAILABLE_juce_events=1",
					"JUCE_MODULE_AVAILABLE_juce_graphics=1",
					"JUCE_MODULE_AVAILABLE_juce_gui_basics=1",
					"JUCE_MODULE_AVAILABLE_juce_gui_extra=1",
					"JUCE_GLOBAL_MODULE_SETTINGS_INCLUDED=1",
					"JUCE_VST3_CAN_REPLACE_VST2=0",
					"JUCE_STRICT_REFCOUNTEDPOINTER=1",
					"JucePlugin_Build_VST=0",
					"JucePlugin_Build_VST3=0",
					"JucePlugin_Build_AU=1",
					"JucePlugin_Build_AUv3=0",
					"JucePlugin_Build_AAX=0",
					"JucePlugin_Build_Standalone=0",
					"JucePlugin_Build_Unity=0",
					"JucePlugin_Build_LV2=0",
					"JucePlugin_Enable_IAA=0",
					"JucePlugin_Enable_ARA=0",
					"JucePlugin_Name=\\\"ChaorusFlangos\\\"",
					"JucePlugin_Desc=\\\"ChaorusFlangos\\\"",
					"JucePlugin_Manufacturer=\\\"yourcompany\\\"",
					"JucePlugin_ManufacturerWebsite=\\\"www.yourcompany.com\\\"",
					"JucePlugin_ManufacturerEmail=\\\"\\\"",
					"JucePlugin_ManufacturerCode=0x4d616e75",
					"JucePlugin_PluginCode=0x54346962",
					"JucePlugin_IsSynth=0",
					"JucePlugin_WantsMidiInput=0",
					"JucePlugin_ProducesMidiOutput=0",
					"JucePlugin_IsMidiEffect=0",
					"JucePlugin_EditorRequiresKeyboardFocus=0",
					"JucePlugin_Version=1.0.0",
					"JucePlugin_VersionCode=0x10000",
					"JucePlugin_VersionString=\\\"1.0.0\\\"",
					"JucePlugin_VSTUniqueID=JucePlugin_PluginCode",
					"JucePlugin_VSTCategory=kPlugCategEffect",
					"JucePlugin_Vst3Category=\\\"Fx\\\"",
					"JucePlugin_AUMainType=\\'aufx\\'",
					"JucePlugin_AUSubType=JucePlugin_PluginCode",
					"JucePlugin_AUExportPrefix=ChaorusFlangosAU",
					"JucePlugin_AUExportPrefixQuoted=\\\"ChaorusFlangosAU\\\"",
					"JucePlugin_AUManufacturerCode=JucePlugin_ManufacturerCode",
					"JucePlugin_CFBundleIdentifier=com.yourcompany.ChaorusFlangos",
					"JucePlugin_AAXIdentifier=com.yourcompany.ChaorusFlangos",
					"JucePlugin_AAXManufacturerCode=JucePlugin_ManufacturerCode",
					"JucePlugin_AAXProductId=JucePlugin_PluginCode",
					"JucePlugin_AAXCategory=0",
					"JucePlugin_AAXDisableBypass=0",
					"JucePlugin_AAXDisableMultiMono=0",
					"JucePlugin_IAAType=0x61757278",
					"JucePlugin_IAASubType=JucePlugin_PluginCode",
					"JucePlugin_IAAName=\\\"yourcompany:\\ ChaorusFlangos\\\"",
					"JucePlugin_VSTNumMidiInputs=16",
					"JucePlugin_VSTNumMidiOutputs=16",
					"JucePlugin_ARAContentTypes=0",
					"JucePlugin_ARATransformationFlags=0",
					"JucePlugin_ARAFactoryID=\\\"com.yourcompany.ChaorusFlangos.factory\\\"",
					"JucePlugin_ARADocumentArchiveID=\\\"com.yourcompany.ChaorusFlangos.aradocumentarchive.1.0.0\\\"",
					"JucePlugin_ARACompatibleArchiveIDs=\\\"\\\"",
					"JUCE_STANDALONE_APPLICATION=JucePlugin_Build_Standalone",
					"JUCER_XCODE_MAC_F6D2F4CF=1",
					"JUCE_APP_VERSION=1.0.0",
					"JUCE_APP_VERSION_HEX=0x10000",
				);
				GCC_VERSION = com.apple.compilers.llvm.clang.1_0;
				GENERATE_PKGINFO_FILE = YES;
				HEADER_SEARCH_PATHS = (
					"/Users/catarinaserrano/Downloads/JUCE/modules/juce_audio_processors/format_types/VST3_SDK",
					"$(SRCROOT)/../../JuceLibraryCode",
					"/Users/catarinaserrano/Downloads/JUCE/modules",
					"/Users/catarinaserrano/Downloads/JUCE/modules/juce_audio_plugin_client/AU",
					"$(inherited)",
				);
				INFOPLIST_FILE = Info-AU.plist;
				INFOPLIST_PREPROCESS = NO;
				INSTALL_PATH = "$(HOME)/Library/Audio/Plug-Ins/Components/";
				LIBRARY_STYLE = Bundle;
				MACOSX_DEPLOYMENT_TARGET = 10.13;
				MTL_HEADER_SEARCH_PATHS = "/Users/catarinaserrano/Downloads/JUCE/modules/juce_audio_processors/format_types/VST3_SDK $(SRCROOT)/../../JuceLibraryCode /Users/catarinaserrano/Downloads/JUCE/modules /Users/catarinaserrano/Downloads/JUCE/modules/juce_audio_plugin_client/AU";
				OTHER_LDFLAGS = "-bundle -lNewProject";
				OTHER_REZFLAGS = "-d ppc_$ppc -d i386_$i386 -d ppc64_$ppc64 -d x86_64_$x86_64 -d arm64_$arm64 -I /System/Library/Frameworks/CoreServices.framework/Frameworks/CarbonCore.framework/Versions/A/Headers -I \"$(DEVELOPER_DIR)/Extras/CoreAudio/AudioUnits/AUPublic/AUBase\" -I \"$(DEVELOPER_DIR)/Platforms/MacOSX.platform/Developer/SDKs/MacOSX.sdk/System/Library/Frameworks/AudioUnit.framework/Headers\"";
				PRODUCT_BUNDLE_IDENTIFIER = com.yourcompany.ChaorusFlangos;
				PRODUCT_NAME = "NewProject";
				USE_HEADERMAP = NO;
				VALID_ARCHS = "i386 x86_64 arm64 arm64e";
				WRAPPER_EXTENSION = component;
			};
			name = Debug;
		};
		9607373C635F5C584D9E3F64 /* Debug */ = {
			isa = XCBuildConfiguration;
			buildSettings = {
				CLANG_CXX_LANGUAGE_STANDARD = "c++17";
				CLANG_CXX_LIBRARY = "libc++";
				CLANG_LINK_OBJC_RUNTIME = NO;
				COMBINE_HIDPI_IMAGES = YES;
				CONFIGURATION_BUILD_DIR = "$(PROJECT_DIR)/build/$(CONFIGURATION)";
				COPY_PHASE_STRIP = NO;
				EXCLUDED_ARCHS = "";
				GCC_DYNAMIC_NO_PIC = NO;
				GCC_OPTIMIZATION_LEVEL = 0;
				GCC_PREPROCESSOR_DEFINITIONS = (
					"_DEBUG=1",
					"DEBUG=1",
					"JUCE_DISPLAY_SPLASH_SCREEN=1",
					"JUCE_USE_DARK_SPLASH_SCREEN=1",
					"JUCE_PROJUCER_VERSION=0x70009",
					"JUCE_MODULE_AVAILABLE_juce_audio_basics=1",
					"JUCE_MODULE_AVAILABLE_juce_audio_devices=1",
					"JUCE_MODULE_AVAILABLE_juce_audio_formats=1",
					"JUCE_MODULE_AVAILABLE_juce_audio_plugin_client=1",
					"JUCE_MODULE_AVAILABLE_juce_audio_processors=1",
					"JUCE_MODULE_AVAILABLE_juce_audio_utils=1",
					"JUCE_MODULE_AVAILABLE_juce_core=1",
					"JUCE_MODULE_AVAILABLE_juce_data_structures=1",
					"JUCE_MODULE_AVAILABLE_juce_events=1",
					"JUCE_MODULE_AVAILABLE_juce_graphics=1",
					"JUCE_MODULE_AVAILABLE_juce_gui_basics=1",
					"JUCE_MODULE_AVAILABLE_juce_gui_extra=1",
					"JUCE_GLOBAL_MODULE_SETTINGS_INCLUDED=1",
					"JUCE_VST3_CAN_REPLACE_VST2=0",
					"JUCE_STRICT_REFCOUNTEDPOINTER=1",
					"JucePlugin_Build_VST=0",
					"JucePlugin_Build_VST3=0",
					"JucePlugin_Build_AU=0",
					"JucePlugin_Build_AUv3=0",
					"JucePlugin_Build_AAX=0",
					"JucePlugin_Build_Standalone=0",
					"JucePlugin_Build_Unity=0",
					"JucePlugin_Build_LV2=0",
					"JucePlugin_Enable_IAA=0",
					"JucePlugin_Enable_ARA=0",
					"JucePlugin_Name=\\\"ChaorusFlangos\\\"",
					"JucePlugin_Desc=\\\"ChaorusFlangos\\\"",
					"JucePlugin_Manufacturer=\\\"yourcompany\\\"",
					"JucePlugin_ManufacturerWebsite=\\\"www.yourcompany.com\\\"",
					"JucePlugin_ManufacturerEmail=\\\"\\\"",
					"JucePlugin_ManufacturerCode=0x4d616e75",
					"JucePlugin_PluginCode=0x54346962",
					"JucePlugin_IsSynth=0",
					"JucePlugin_WantsMidiInput=0",
					"JucePlugin_ProducesMidiOutput=0",
					"JucePlugin_IsMidiEffect=0",
					"JucePlugin_EditorRequiresKeyboardFocus=0",
					"JucePlugin_Version=1.0.0",
					"JucePlugin_VersionCode=0x10000",
					"JucePlugin_VersionString=\\\"1.0.0\\\"",
					"JucePlugin_VSTUniqueID=JucePlugin_PluginCode",
					"JucePlugin_VSTCategory=kPlugCategEffect",
					"JucePlugin_Vst3Category=\\\"Fx\\\"",
					"JucePlugin_AUMainType=\\'aufx\\'",
					"JucePlugin_AUSubType=JucePlugin_PluginCode",
					"JucePlugin_AUExportPrefix=ChaorusFlangosAU",
					"JucePlugin_AUExportPrefixQuoted=\\\"ChaorusFlangosAU\\\"",
					"JucePlugin_AUManufacturerCode=JucePlugin_ManufacturerCode",
					"JucePlugin_CFBundleIdentifier=com.yourcompany.ChaorusFlangos",
					"JucePlugin_AAXIdentifier=com.yourcompany.ChaorusFlangos",
					"JucePlugin_AAXManufacturerCode=JucePlugin_ManufacturerCode",
					"JucePlugin_AAXProductId=JucePlugin_PluginCode",
					"JucePlugin_AAXCategory=0",
					"JucePlugin_AAXDisableBypass=0",
					"JucePlugin_AAXDisableMultiMono=0",
					"JucePlugin_IAAType=0x61757278",
					"JucePlugin_IAASubType=JucePlugin_PluginCode",
					"JucePlugin_IAAName=\\\"yourcompany:\\ ChaorusFlangos\\\"",
					"JucePlugin_VSTNumMidiInputs=16",
					"JucePlugin_VSTNumMidiOutputs=16",
					"JucePlugin_ARAContentTypes=0",
					"JucePlugin_ARATransformationFlags=0",
					"JucePlugin_ARAFactoryID=\\\"com.yourcompany.ChaorusFlangos.factory\\\"",
					"JucePlugin_ARADocumentArchiveID=\\\"com.yourcompany.ChaorusFlangos.aradocumentarchive.1.0.0\\\"",
					"JucePlugin_ARACompatibleArchiveIDs=\\\"\\\"",
					"JUCE_STANDALONE_APPLICATION=JucePlugin_Build_Standalone",
					"JUCER_XCODE_MAC_F6D2F4CF=1",
					"JUCE_APP_VERSION=1.0.0",
					"JUCE_APP_VERSION_HEX=0x10000",
				);
				GCC_VERSION = com.apple.compilers.llvm.clang.1_0;
				HEADER_SEARCH_PATHS = (
					"/Users/catarinaserrano/Downloads/JUCE/modules/juce_audio_processors/format_types/VST3_SDK",
					"$(SRCROOT)/../../JuceLibraryCode",
					"/Users/catarinaserrano/Downloads/JUCE/modules",
					"/Users/catarinaserrano/Downloads/JUCE/modules/juce_audio_plugin_client/AU",
					"$(inherited)",
				);
				INFOPLIST_FILE = Info-VST3_Manifest_Helper.plist;
				INFOPLIST_PREPROCESS = NO;
				MACOSX_DEPLOYMENT_TARGET = 10.13;
				MTL_HEADER_SEARCH_PATHS = "/Users/catarinaserrano/Downloads/JUCE/modules/juce_audio_processors/format_types/VST3_SDK $(SRCROOT)/../../JuceLibraryCode /Users/catarinaserrano/Downloads/JUCE/modules /Users/catarinaserrano/Downloads/JUCE/modules/juce_audio_plugin_client/AU";
				PRODUCT_BUNDLE_IDENTIFIER = com.yourcompany.ChaorusFlangos;
				PRODUCT_NAME = "juce_vst3_helper";
				USE_HEADERMAP = NO;
				VALID_ARCHS = "i386 x86_64 arm64 arm64e";
			};
			name = Debug;
		};
		A8D93417D749799666138DDC /* Debug */ = {
			isa = XCBuildConfiguration;
			buildSettings = {
				CLANG_CXX_LANGUAGE_STANDARD = "c++17";
				CLANG_CXX_LIBRARY = "libc++";
				CLANG_LINK_OBJC_RUNTIME = NO;
				COMBINE_HIDPI_IMAGES = YES;
				CONFIGURATION_BUILD_DIR = "$(PROJECT_DIR)/build/$(CONFIGURATION)";
				COPY_PHASE_STRIP = NO;
				EXCLUDED_ARCHS = "";
				GCC_DYNAMIC_NO_PIC = NO;
				GCC_OPTIMIZATION_LEVEL = 0;
				GCC_PREPROCESSOR_DEFINITIONS = (
					"_DEBUG=1",
					"DEBUG=1",
					"JUCE_DISPLAY_SPLASH_SCREEN=1",
					"JUCE_USE_DARK_SPLASH_SCREEN=1",
					"JUCE_PROJUCER_VERSION=0x70009",
					"JUCE_MODULE_AVAILABLE_juce_audio_basics=1",
					"JUCE_MODULE_AVAILABLE_juce_audio_devices=1",
					"JUCE_MODULE_AVAILABLE_juce_audio_formats=1",
					"JUCE_MODULE_AVAILABLE_juce_audio_plugin_client=1",
					"JUCE_MODULE_AVAILABLE_juce_audio_processors=1",
					"JUCE_MODULE_AVAILABLE_juce_audio_utils=1",
					"JUCE_MODULE_AVAILABLE_juce_core=1",
					"JUCE_MODULE_AVAILABLE_juce_data_structures=1",
					"JUCE_MODULE_AVAILABLE_juce_events=1",
					"JUCE_MODULE_AVAILABLE_juce_graphics=1",
					"JUCE_MODULE_AVAILABLE_juce_gui_basics=1",
					"JUCE_MODULE_AVAILABLE_juce_gui_extra=1",
					"JUCE_GLOBAL_MODULE_SETTINGS_INCLUDED=1",
					"JUCE_VST3_CAN_REPLACE_VST2=0",
					"JUCE_STRICT_REFCOUNTEDPOINTER=1",
					"JucePlugin_Build_VST=0",
					"JucePlugin_Build_VST3=1",
					"JucePlugin_Build_AU=1",
					"JucePlugin_Build_AUv3=0",
					"JucePlugin_Build_AAX=0",
					"JucePlugin_Build_Standalone=1",
					"JucePlugin_Build_Unity=0",
					"JucePlugin_Build_LV2=0",
					"JucePlugin_Enable_IAA=0",
					"JucePlugin_Enable_ARA=0",
					"JucePlugin_Name=\\\"ChaorusFlangos\\\"",
					"JucePlugin_Desc=\\\"ChaorusFlangos\\\"",
					"JucePlugin_Manufacturer=\\\"yourcompany\\\"",
					"JucePlugin_ManufacturerWebsite=\\\"www.yourcompany.com\\\"",
					"JucePlugin_ManufacturerEmail=\\\"\\\"",
					"JucePlugin_ManufacturerCode=0x4d616e75",
					"JucePlugin_PluginCode=0x54346962",
					"JucePlugin_IsSynth=0",
					"JucePlugin_WantsMidiInput=0",
					"JucePlugin_ProducesMidiOutput=0",
					"JucePlugin_IsMidiEffect=0",
					"JucePlugin_EditorRequiresKeyboardFocus=0",
					"JucePlugin_Version=1.0.0",
					"JucePlugin_VersionCode=0x10000",
					"JucePlugin_VersionString=\\\"1.0.0\\\"",
					"JucePlugin_VSTUniqueID=JucePlugin_PluginCode",
					"JucePlugin_VSTCategory=kPlugCategEffect",
					"JucePlugin_Vst3Category=\\\"Fx\\\"",
					"JucePlugin_AUMainType=\\'aufx\\'",
					"JucePlugin_AUSubType=JucePlugin_PluginCode",
					"JucePlugin_AUExportPrefix=ChaorusFlangosAU",
					"JucePlugin_AUExportPrefixQuoted=\\\"ChaorusFlangosAU\\\"",
					"JucePlugin_AUManufacturerCode=JucePlugin_ManufacturerCode",
					"JucePlugin_CFBundleIdentifier=com.yourcompany.ChaorusFlangos",
					"JucePlugin_AAXIdentifier=com.yourcompany.ChaorusFlangos",
					"JucePlugin_AAXManufacturerCode=JucePlugin_ManufacturerCode",
					"JucePlugin_AAXProductId=JucePlugin_PluginCode",
					"JucePlugin_AAXCategory=0",
					"JucePlugin_AAXDisableBypass=0",
					"JucePlugin_AAXDisableMultiMono=0",
					"JucePlugin_IAAType=0x61757278",
					"JucePlugin_IAASubType=JucePlugin_PluginCode",
					"JucePlugin_IAAName=\\\"yourcompany:\\ ChaorusFlangos\\\"",
					"JucePlugin_VSTNumMidiInputs=16",
					"JucePlugin_VSTNumMidiOutputs=16",
					"JucePlugin_ARAContentTypes=0",
					"JucePlugin_ARATransformationFlags=0",
					"JucePlugin_ARAFactoryID=\\\"com.yourcompany.ChaorusFlangos.factory\\\"",
					"JucePlugin_ARADocumentArchiveID=\\\"com.yourcompany.ChaorusFlangos.aradocumentarchive.1.0.0\\\"",
					"JucePlugin_ARACompatibleArchiveIDs=\\\"\\\"",
					"JUCE_STANDALONE_APPLICATION=JucePlugin_Build_Standalone",
					"JUCER_XCODE_MAC_F6D2F4CF=1",
					"JUCE_APP_VERSION=1.0.0",
					"JUCE_APP_VERSION_HEX=0x10000",
					"JUCE_SHARED_CODE=1",
				);
				GCC_VERSION = com.apple.compilers.llvm.clang.1_0;
				HEADER_SEARCH_PATHS = (
					"/Users/catarinaserrano/Downloads/JUCE/modules/juce_audio_processors/format_types/VST3_SDK",
					"$(SRCROOT)/../../JuceLibraryCode",
					"/Users/catarinaserrano/Downloads/JUCE/modules",
					"/Users/catarinaserrano/Downloads/JUCE/modules/juce_audio_plugin_client/AU",
					"$(inherited)",
				);
				INSTALL_PATH = "@executable_path/../Frameworks";
				MACOSX_DEPLOYMENT_TARGET = 10.13;
				MTL_HEADER_SEARCH_PATHS = "/Users/catarinaserrano/Downloads/JUCE/modules/juce_audio_processors/format_types/VST3_SDK $(SRCROOT)/../../JuceLibraryCode /Users/catarinaserrano/Downloads/JUCE/modules /Users/catarinaserrano/Downloads/JUCE/modules/juce_audio_plugin_client/AU";
				PRODUCT_BUNDLE_IDENTIFIER = com.yourcompany.ChaorusFlangos;
				PRODUCT_NAME = "NewProject";
				SKIP_INSTALL = YES;
				USE_HEADERMAP = NO;
				VALID_ARCHS = "i386 x86_64 arm64 arm64e";
			};
			name = Debug;
		};
		B73644A6881B5F4A32567BFE /* Debug */ = {
			isa = XCBuildConfiguration;
			buildSettings = {
				CLANG_CXX_LANGUAGE_STANDARD = "c++17";
				CLANG_CXX_LIBRARY = "libc++";
				CLANG_LINK_OBJC_RUNTIME = NO;
				COMBINE_HIDPI_IMAGES = YES;
				CONFIGURATION_BUILD_DIR = "$(PROJECT_DIR)/build/$(CONFIGURATION)";
				COPY_PHASE_STRIP = NO;
				EXCLUDED_ARCHS = "";
				GCC_DYNAMIC_NO_PIC = NO;
				GCC_OPTIMIZATION_LEVEL = 0;
				GCC_PREPROCESSOR_DEFINITIONS = (
					"_DEBUG=1",
					"DEBUG=1",
					"JUCE_DISPLAY_SPLASH_SCREEN=1",
					"JUCE_USE_DARK_SPLASH_SCREEN=1",
					"JUCE_PROJUCER_VERSION=0x70009",
					"JUCE_MODULE_AVAILABLE_juce_audio_basics=1",
					"JUCE_MODULE_AVAILABLE_juce_audio_devices=1",
					"JUCE_MODULE_AVAILABLE_juce_audio_formats=1",
					"JUCE_MODULE_AVAILABLE_juce_audio_plugin_client=1",
					"JUCE_MODULE_AVAILABLE_juce_audio_processors=1",
					"JUCE_MODULE_AVAILABLE_juce_audio_utils=1",
					"JUCE_MODULE_AVAILABLE_juce_core=1",
					"JUCE_MODULE_AVAILABLE_juce_data_structures=1",
					"JUCE_MODULE_AVAILABLE_juce_events=1",
					"JUCE_MODULE_AVAILABLE_juce_graphics=1",
					"JUCE_MODULE_AVAILABLE_juce_gui_basics=1",
					"JUCE_MODULE_AVAILABLE_juce_gui_extra=1",
					"JUCE_GLOBAL_MODULE_SETTINGS_INCLUDED=1",
					"JUCE_VST3_CAN_REPLACE_VST2=0",
					"JUCE_STRICT_REFCOUNTEDPOINTER=1",
					"JucePlugin_Build_VST=0",
					"JucePlugin_Build_VST3=1",
					"JucePlugin_Build_AU=0",
					"JucePlugin_Build_AUv3=0",
					"JucePlugin_Build_AAX=0",
					"JucePlugin_Build_Standalone=0",
					"JucePlugin_Build_Unity=0",
					"JucePlugin_Build_LV2=0",
					"JucePlugin_Enable_IAA=0",
					"JucePlugin_Enable_ARA=0",
					"JucePlugin_Name=\\\"ChaorusFlangos\\\"",
					"JucePlugin_Desc=\\\"ChaorusFlangos\\\"",
					"JucePlugin_Manufacturer=\\\"yourcompany\\\"",
					"JucePlugin_ManufacturerWebsite=\\\"www.yourcompany.com\\\"",
					"JucePlugin_ManufacturerEmail=\\\"\\\"",
					"JucePlugin_ManufacturerCode=0x4d616e75",
					"JucePlugin_PluginCode=0x54346962",
					"JucePlugin_IsSynth=0",
					"JucePlugin_WantsMidiInput=0",
					"JucePlugin_ProducesMidiOutput=0",
					"JucePlugin_IsMidiEffect=0",
					"JucePlugin_EditorRequiresKeyboardFocus=0",
					"JucePlugin_Version=1.0.0",
					"JucePlugin_VersionCode=0x10000",
					"JucePlugin_VersionString=\\\"1.0.0\\\"",
					"JucePlugin_VSTUniqueID=JucePlugin_PluginCode",
					"JucePlugin_VSTCategory=kPlugCategEffect",
					"JucePlugin_Vst3Category=\\\"Fx\\\"",
					"JucePlugin_AUMainType=\\'aufx\\'",
					"JucePlugin_AUSubType=JucePlugin_PluginCode",
					"JucePlugin_AUExportPrefix=ChaorusFlangosAU",
					"JucePlugin_AUExportPrefixQuoted=\\\"ChaorusFlangosAU\\\"",
					"JucePlugin_AUManufacturerCode=JucePlugin_ManufacturerCode",
					"JucePlugin_CFBundleIdentifier=com.yourcompany.ChaorusFlangos",
					"JucePlugin_AAXIdentifier=com.yourcompany.ChaorusFlangos",
					"JucePlugin_AAXManufacturerCode=JucePlugin_ManufacturerCode",
					"JucePlugin_AAXProductId=JucePlugin_PluginCode",
					"JucePlugin_AAXCategory=0",
					"JucePlugin_AAXDisableBypass=0",
					"JucePlugin_AAXDisableMultiMono=0",
					"JucePlugin_IAAType=0x61757278",
					"JucePlugin_IAASubType=JucePlugin_PluginCode",
					"JucePlugin_IAAName=\\\"yourcompany:\\ ChaorusFlangos\\\"",
					"JucePlugin_VSTNumMidiInputs=16",
					"JucePlugin_VSTNumMidiOutputs=16",
					"JucePlugin_ARAContentTypes=0",
					"JucePlugin_ARATransformationFlags=0",
					"JucePlugin_ARAFactoryID=\\\"com.yourcompany.ChaorusFlangos.factory\\\"",
					"JucePlugin_ARADocumentArchiveID=\\\"com.yourcompany.ChaorusFlangos.aradocumentarchive.1.0.0\\\"",
					"JucePlugin_ARACompatibleArchiveIDs=\\\"\\\"",
					"JUCE_STANDALONE_APPLICATION=JucePlugin_Build_Standalone",
					"JUCER_XCODE_MAC_F6D2F4CF=1",
					"JUCE_APP_VERSION=1.0.0",
					"JUCE_APP_VERSION_HEX=0x10000",
				);
				GCC_VERSION = com.apple.compilers.llvm.clang.1_0;
				GENERATE_PKGINFO_FILE = YES;
				HEADER_SEARCH_PATHS = (
					"/Users/catarinaserrano/Downloads/JUCE/modules/juce_audio_processors/format_types/VST3_SDK",
					"$(SRCROOT)/../../JuceLibraryCode",
					"/Users/catarinaserrano/Downloads/JUCE/modules",
					"/Users/catarinaserrano/Downloads/JUCE/modules/juce_audio_plugin_client/AU",
					"$(inherited)",
				);
				INFOPLIST_FILE = Info-VST3.plist;
				INFOPLIST_PREPROCESS = NO;
				INSTALL_PATH = "$(HOME)/Library/Audio/Plug-Ins/VST3/";
				LIBRARY_STYLE = Bundle;
				MACOSX_DEPLOYMENT_TARGET = 10.13;
				MTL_HEADER_SEARCH_PATHS = "/Users/catarinaserrano/Downloads/JUCE/modules/juce_audio_processors/format_types/VST3_SDK $(SRCROOT)/../../JuceLibraryCode /Users/catarinaserrano/Downloads/JUCE/modules /Users/catarinaserrano/Downloads/JUCE/modules/juce_audio_plugin_client/AU";
				OTHER_LDFLAGS = "-bundle -lNewProject";
				PRODUCT_BUNDLE_IDENTIFIER = com.yourcompany.ChaorusFlangos;
				PRODUCT_NAME = "NewProject";
				USE_HEADERMAP = NO;
				VALID_ARCHS = "i386 x86_64 arm64 arm64e";
				WRAPPER_EXTENSION = vst3;
			};
			name = Debug;
		};
		BE50E75C75F2E3A4AC87A3F8 /* Release */ = {
			isa = XCBuildConfiguration;
			buildSettings = {
				CLANG_CXX_LANGUAGE_STANDARD = "c++17";
				CLANG_CXX_LIBRARY = "libc++";
				CLANG_LINK_OBJC_RUNTIME = NO;
				COMBINE_HIDPI_IMAGES = YES;
				CONFIGURATION_BUILD_DIR = "$(PROJECT_DIR)/build/$(CONFIGURATION)";
				DEAD_CODE_STRIPPING = YES;
				EXCLUDED_ARCHS = "";
				GCC_GENERATE_DEBUGGING_SYMBOLS = NO;
				GCC_OPTIMIZATION_LEVEL = 3;
				GCC_PREPROCESSOR_DEFINITIONS = (
					"_NDEBUG=1",
					"NDEBUG=1",
					"JUCE_DISPLAY_SPLASH_SCREEN=1",
					"JUCE_USE_DARK_SPLASH_SCREEN=1",
					"JUCE_PROJUCER_VERSION=0x70009",
					"JUCE_MODULE_AVAILABLE_juce_audio_basics=1",
					"JUCE_MODULE_AVAILABLE_juce_audio_devices=1",
					"JUCE_MODULE_AVAILABLE_juce_audio_formats=1",
					"JUCE_MODULE_AVAILABLE_juce_audio_plugin_client=1",
					"JUCE_MODULE_AVAILABLE_juce_audio_processors=1",
					"JUCE_MODULE_AVAILABLE_juce_audio_utils=1",
					"JUCE_MODULE_AVAILABLE_juce_core=1",
					"JUCE_MODULE_AVAILABLE_juce_data_structures=1",
					"JUCE_MODULE_AVAILABLE_juce_events=1",
					"JUCE_MODULE_AVAILABLE_juce_graphics=1",
					"JUCE_MODULE_AVAILABLE_juce_gui_basics=1",
					"JUCE_MODULE_AVAILABLE_juce_gui_extra=1",
					"JUCE_GLOBAL_MODULE_SETTINGS_INCLUDED=1",
					"JUCE_VST3_CAN_REPLACE_VST2=0",
					"JUCE_STRICT_REFCOUNTEDPOINTER=1",
					"JucePlugin_Build_VST=0",
					"JucePlugin_Build_VST3=0",
					"JucePlugin_Build_AU=1",
					"JucePlugin_Build_AUv3=0",
					"JucePlugin_Build_AAX=0",
					"JucePlugin_Build_Standalone=0",
					"JucePlugin_Build_Unity=0",
					"JucePlugin_Build_LV2=0",
					"JucePlugin_Enable_IAA=0",
					"JucePlugin_Enable_ARA=0",
					"JucePlugin_Name=\\\"ChaorusFlangos\\\"",
					"JucePlugin_Desc=\\\"ChaorusFlangos\\\"",
					"JucePlugin_Manufacturer=\\\"yourcompany\\\"",
					"JucePlugin_ManufacturerWebsite=\\\"www.yourcompany.com\\\"",
					"JucePlugin_ManufacturerEmail=\\\"\\\"",
					"JucePlugin_ManufacturerCode=0x4d616e75",
					"JucePlugin_PluginCode=0x54346962",
					"JucePlugin_IsSynth=0",
					"JucePlugin_WantsMidiInput=0",
					"JucePlugin_ProducesMidiOutput=0",
					"JucePlugin_IsMidiEffect=0",
					"JucePlugin_EditorRequiresKeyboardFocus=0",
					"JucePlugin_Version=1.0.0",
					"JucePlugin_VersionCode=0x10000",
					"JucePlugin_VersionString=\\\"1.0.0\\\"",
					"JucePlugin_VSTUniqueID=JucePlugin_PluginCode",
					"JucePlugin_VSTCategory=kPlugCategEffect",
					"JucePlugin_Vst3Category=\\\"Fx\\\"",
					"JucePlugin_AUMainType=\\'aufx\\'",
					"JucePlugin_AUSubType=JucePlugin_PluginCode",
					"JucePlugin_AUExportPrefix=ChaorusFlangosAU",
					"JucePlugin_AUExportPrefixQuoted=\\\"ChaorusFlangosAU\\\"",
					"JucePlugin_AUManufacturerCode=JucePlugin_ManufacturerCode",
					"JucePlugin_CFBundleIdentifier=com.yourcompany.ChaorusFlangos",
					"JucePlugin_AAXIdentifier=com.yourcompany.ChaorusFlangos",
					"JucePlugin_AAXManufacturerCode=JucePlugin_ManufacturerCode",
					"JucePlugin_AAXProductId=JucePlugin_PluginCode",
					"JucePlugin_AAXCategory=0",
					"JucePlugin_AAXDisableBypass=0",
					"JucePlugin_AAXDisableMultiMono=0",
					"JucePlugin_IAAType=0x61757278",
					"JucePlugin_IAASubType=JucePlugin_PluginCode",
					"JucePlugin_IAAName=\\\"yourcompany:\\ ChaorusFlangos\\\"",
					"JucePlugin_VSTNumMidiInputs=16",
					"JucePlugin_VSTNumMidiOutputs=16",
					"JucePlugin_ARAContentTypes=0",
					"JucePlugin_ARATransformationFlags=0",
					"JucePlugin_ARAFactoryID=\\\"com.yourcompany.ChaorusFlangos.factory\\\"",
					"JucePlugin_ARADocumentArchiveID=\\\"com.yourcompany.ChaorusFlangos.aradocumentarchive.1.0.0\\\"",
					"JucePlugin_ARACompatibleArchiveIDs=\\\"\\\"",
					"JUCE_STANDALONE_APPLICATION=JucePlugin_Build_Standalone",
					"JUCER_XCODE_MAC_F6D2F4CF=1",
					"JUCE_APP_VERSION=1.0.0",
					"JUCE_APP_VERSION_HEX=0x10000",
				);
				GCC_VERSION = com.apple.compilers.llvm.clang.1_0;
				GENERATE_PKGINFO_FILE = YES;
				HEADER_SEARCH_PATHS = (
					"/Users/catarinaserrano/Downloads/JUCE/modules/juce_audio_processors/format_types/VST3_SDK",
					"$(SRCROOT)/../../JuceLibraryCode",
					"/Users/catarinaserrano/Downloads/JUCE/modules",
					"/Users/catarinaserrano/Downloads/JUCE/modules/juce_audio_plugin_client/AU",
					"$(inherited)",
				);
				INFOPLIST_FILE = Info-AU.plist;
				INFOPLIST_PREPROCESS = NO;
				INSTALL_PATH = "$(HOME)/Library/Audio/Plug-Ins/Components/";
				LIBRARY_STYLE = Bundle;
				LLVM_LTO = YES;
				MACOSX_DEPLOYMENT_TARGET = 10.13;
				MTL_HEADER_SEARCH_PATHS = "/Users/catarinaserrano/Downloads/JUCE/modules/juce_audio_processors/format_types/VST3_SDK $(SRCROOT)/../../JuceLibraryCode /Users/catarinaserrano/Downloads/JUCE/modules /Users/catarinaserrano/Downloads/JUCE/modules/juce_audio_plugin_client/AU";
				OTHER_LDFLAGS = "-bundle -lNewProject";
				OTHER_REZFLAGS = "-d ppc_$ppc -d i386_$i386 -d ppc64_$ppc64 -d x86_64_$x86_64 -d arm64_$arm64 -I /System/Library/Frameworks/CoreServices.framework/Frameworks/CarbonCore.framework/Versions/A/Headers -I \"$(DEVELOPER_DIR)/Extras/CoreAudio/AudioUnits/AUPublic/AUBase\" -I \"$(DEVELOPER_DIR)/Platforms/MacOSX.platform/Developer/SDKs/MacOSX.sdk/System/Library/Frameworks/AudioUnit.framework/Headers\"";
				PRODUCT_BUNDLE_IDENTIFIER = com.yourcompany.ChaorusFlangos;
				PRODUCT_NAME = "NewProject";
				USE_HEADERMAP = NO;
				VALID_ARCHS = "i386 x86_64 arm64 arm64e";
				WRAPPER_EXTENSION = component;
			};
			name = Release;
		};
		EE03ECE33752A491A4075EFB /* Release */ = {
			isa = XCBuildConfiguration;
			buildSettings = {
				CLANG_CXX_LANGUAGE_STANDARD = "c++17";
				CLANG_CXX_LIBRARY = "libc++";
				CLANG_LINK_OBJC_RUNTIME = NO;
				COMBINE_HIDPI_IMAGES = YES;
				CONFIGURATION_BUILD_DIR = "$(PROJECT_DIR)/build/$(CONFIGURATION)";
				DEAD_CODE_STRIPPING = YES;
				EXCLUDED_ARCHS = "";
				GCC_GENERATE_DEBUGGING_SYMBOLS = NO;
				GCC_OPTIMIZATION_LEVEL = 3;
				GCC_PREPROCESSOR_DEFINITIONS = (
					"_NDEBUG=1",
					"NDEBUG=1",
					"JUCE_DISPLAY_SPLASH_SCREEN=1",
					"JUCE_USE_DARK_SPLASH_SCREEN=1",
					"JUCE_PROJUCER_VERSION=0x70009",
					"JUCE_MODULE_AVAILABLE_juce_audio_basics=1",
					"JUCE_MODULE_AVAILABLE_juce_audio_devices=1",
					"JUCE_MODULE_AVAILABLE_juce_audio_formats=1",
					"JUCE_MODULE_AVAILABLE_juce_audio_plugin_client=1",
					"JUCE_MODULE_AVAILABLE_juce_audio_processors=1",
					"JUCE_MODULE_AVAILABLE_juce_audio_utils=1",
					"JUCE_MODULE_AVAILABLE_juce_core=1",
					"JUCE_MODULE_AVAILABLE_juce_data_structures=1",
					"JUCE_MODULE_AVAILABLE_juce_events=1",
					"JUCE_MODULE_AVAILABLE_juce_graphics=1",
					"JUCE_MODULE_AVAILABLE_juce_gui_basics=1",
					"JUCE_MODULE_AVAILABLE_juce_gui_extra=1",
					"JUCE_GLOBAL_MODULE_SETTINGS_INCLUDED=1",
					"JUCE_VST3_CAN_REPLACE_VST2=0",
					"JUCE_STRICT_REFCOUNTEDPOINTER=1",
					"JucePlugin_Build_VST=0",
					"JucePlugin_Build_VST3=1",
					"JucePlugin_Build_AU=1",
					"JucePlugin_Build_AUv3=0",
					"JucePlugin_Build_AAX=0",
					"JucePlugin_Build_Standalone=1",
					"JucePlugin_Build_Unity=0",
					"JucePlugin_Build_LV2=0",
					"JucePlugin_Enable_IAA=0",
					"JucePlugin_Enable_ARA=0",
					"JucePlugin_Name=\\\"ChaorusFlangos\\\"",
					"JucePlugin_Desc=\\\"ChaorusFlangos\\\"",
					"JucePlugin_Manufacturer=\\\"yourcompany\\\"",
					"JucePlugin_ManufacturerWebsite=\\\"www.yourcompany.com\\\"",
					"JucePlugin_ManufacturerEmail=\\\"\\\"",
					"JucePlugin_ManufacturerCode=0x4d616e75",
					"JucePlugin_PluginCode=0x54346962",
					"JucePlugin_IsSynth=0",
					"JucePlugin_WantsMidiInput=0",
					"JucePlugin_ProducesMidiOutput=0",
					"JucePlugin_IsMidiEffect=0",
					"JucePlugin_EditorRequiresKeyboardFocus=0",
					"JucePlugin_Version=1.0.0",
					"JucePlugin_VersionCode=0x10000",
					"JucePlugin_VersionString=\\\"1.0.0\\\"",
					"JucePlugin_VSTUniqueID=JucePlugin_PluginCode",
					"JucePlugin_VSTCategory=kPlugCategEffect",
					"JucePlugin_Vst3Category=\\\"Fx\\\"",
					"JucePlugin_AUMainType=\\'aufx\\'",
					"JucePlugin_AUSubType=JucePlugin_PluginCode",
					"JucePlugin_AUExportPrefix=ChaorusFlangosAU",
					"JucePlugin_AUExportPrefixQuoted=\\\"ChaorusFlangosAU\\\"",
					"JucePlugin_AUManufacturerCode=JucePlugin_ManufacturerCode",
					"JucePlugin_CFBundleIdentifier=com.yourcompany.ChaorusFlangos",
					"JucePlugin_AAXIdentifier=com.yourcompany.ChaorusFlangos",
					"JucePlugin_AAXManufacturerCode=JucePlugin_ManufacturerCode",
					"JucePlugin_AAXProductId=JucePlugin_PluginCode",
					"JucePlugin_AAXCategory=0",
					"JucePlugin_AAXDisableBypass=0",
					"JucePlugin_AAXDisableMultiMono=0",
					"JucePlugin_IAAType=0x61757278",
					"JucePlugin_IAASubType=JucePlugin_PluginCode",
					"JucePlugin_IAAName=\\\"yourcompany:\\ ChaorusFlangos\\\"",
					"JucePlugin_VSTNumMidiInputs=16",
					"JucePlugin_VSTNumMidiOutputs=16",
					"JucePlugin_ARAContentTypes=0",
					"JucePlugin_ARATransformationFlags=0",
					"JucePlugin_ARAFactoryID=\\\"com.yourcompany.ChaorusFlangos.factory\\\"",
					"JucePlugin_ARADocumentArchiveID=\\\"com.yourcompany.ChaorusFlangos.aradocumentarchive.1.0.0\\\"",
					"JucePlugin_ARACompatibleArchiveIDs=\\\"\\\"",
					"JUCE_STANDALONE_APPLICATION=JucePlugin_Build_Standalone",
					"JUCER_XCODE_MAC_F6D2F4CF=1",
					"JUCE_APP_VERSION=1.0.0",
					"JUCE_APP_VERSION_HEX=0x10000",
					"JUCE_SHARED_CODE=1",
				);
				GCC_VERSION = com.apple.compilers.llvm.clang.1_0;
				HEADER_SEARCH_PATHS = (
					"/Users/catarinaserrano/Downloads/JUCE/modules/juce_audio_processors/format_types/VST3_SDK",
					"$(SRCROOT)/../../JuceLibraryCode",
					"/Users/catarinaserrano/Downloads/JUCE/modules",
					"/Users/catarinaserrano/Downloads/JUCE/modules/juce_audio_plugin_client/AU",
					"$(inherited)",
				);
				INSTALL_PATH = "@executable_path/../Frameworks";
				LLVM_LTO = YES;
				MACOSX_DEPLOYMENT_TARGET = 10.13;
				MTL_HEADER_SEARCH_PATHS = "/Users/catarinaserrano/Downloads/JUCE/modules/juce_audio_processors/format_types/VST3_SDK $(SRCROOT)/../../JuceLibraryCode /Users/catarinaserrano/Downloads/JUCE/modules /Users/catarinaserrano/Downloads/JUCE/modules/juce_audio_plugin_client/AU";
				PRODUCT_BUNDLE_IDENTIFIER = com.yourcompany.ChaorusFlangos;
				PRODUCT_NAME = "NewProject";
				SKIP_INSTALL = YES;
				USE_HEADERMAP = NO;
				VALID_ARCHS = "i386 x86_64 arm64 arm64e";
			};
			name = Release;
		};
		F856AE5AA7AB978901E125D3 /* Debug */ = {
			isa = XCBuildConfiguration;
			buildSettings = {
				MACOSX_DEPLOYMENT_TARGET = 10.13;
				SDKROOT = macosx;
			};
			name = Debug;
		};
/* End XCBuildConfiguration section */

/* Begin XCConfigurationList section */
		5B9F5AA635EB56B07C87B627 = {
			isa = XCConfigurationList;
			buildConfigurations = (
				66C6D26A751328D4326EFEC4,
				6C649ABA266789946A1C1C2C,
			);
			defaultConfigurationIsVisible = 0;
			defaultConfigurationName = Debug;
		};
		6D338DE73347D26755FA0404 = {
			isa = XCConfigurationList;
			buildConfigurations = (
				7366083B86E142689D3F77F0,
				BE50E75C75F2E3A4AC87A3F8,
			);
			defaultConfigurationIsVisible = 0;
			defaultConfigurationName = Debug;
		};
		88C383A56DAAAC368EC25C45 = {
			isa = XCConfigurationList;
			buildConfigurations = (
				B73644A6881B5F4A32567BFE,
				652A04CD8AF7768034F5D65C,
			);
			defaultConfigurationIsVisible = 0;
			defaultConfigurationName = Debug;
		};
		BD08EABC71F0796F2B79C110 = {
			isa = XCConfigurationList;
			buildConfigurations = (
				9607373C635F5C584D9E3F64,
				464C42A5F648A38249BB5CF0,
			);
			defaultConfigurationIsVisible = 0;
			defaultConfigurationName = Debug;
		};
		DD467B7B8DFA39CF7E6E3753 = {
			isa = XCConfigurationList;
			buildConfigurations = (
				2ADC26363A95F7F598450833,
				321EE8E387B2760F52D1CD75,
			);
			defaultConfigurationIsVisible = 0;
			defaultConfigurationName = Debug;
		};
		E14AABE88E3D60FCBC4CA2B6 = {
			isa = XCConfigurationList;
			buildConfigurations = (
				A8D93417D749799666138DDC,
				EE03ECE33752A491A4075EFB,
			);
			defaultConfigurationIsVisible = 0;
			defaultConfigurationName = Debug;
		};
		F57C5860827152CAC01B50F8 = {
			isa = XCConfigurationList;
			buildConfigurations = (
				F856AE5AA7AB978901E125D3,
				155F7F3C28E55E92940AFD59,
			);
			defaultConfigurationIsVisible = 0;
			defaultConfigurationName = Debug;
		};
/* End XCConfigurationList section */
	};
	rootObject = 9B6AFBF4CE1838691102BE0C /* Project object */;
}
